// !$*UTF8*$!
{
	archiveVersion = 1;
	classes = {
	};
	objectVersion = 46;
	objects = {

/* Begin PBXBuildFile section */
		1316DB07191BE13500E74E3C /* SettingsThemeViewController.m in Sources */ = {isa = PBXBuildFile; fileRef = 1316DB06191BE13500E74E3C /* SettingsThemeViewController.m */; };
		132A702218EB026F00AA675F /* TimePie_Personal_Exit_Button@2x.png in Resources */ = {isa = PBXBuildFile; fileRef = 132A702118EB026F00AA675F /* TimePie_Personal_Exit_Button@2x.png */; };
		134189891904111900DF2F41 /* SettingsViewController.m in Sources */ = {isa = PBXBuildFile; fileRef = 134189881904111900DF2F41 /* SettingsViewController.m */; };
		134275D218FC403300533378 /* eventTrackColumnGraph.m in Sources */ = {isa = PBXBuildFile; fileRef = 134275D118FC403300533378 /* eventTrackColumnGraph.m */; };
		134BDD83191A8DC30095DB10 /* themeView.m in Sources */ = {isa = PBXBuildFile; fileRef = 134BDD82191A8DC30095DB10 /* themeView.m */; };
		1367C5B1191E3B67005BF8AA /* themeDetailView.m in Sources */ = {isa = PBXBuildFile; fileRef = 1367C5B0191E3B67005BF8AA /* themeDetailView.m */; };
		1378213E19055B3800083168 /* PersonalViewPicker.m in Sources */ = {isa = PBXBuildFile; fileRef = 1378213D19055B3800083168 /* PersonalViewPicker.m */; };
		13ACEB4A1920F35200DEEBB1 /* RoutineItemViewController.m in Sources */ = {isa = PBXBuildFile; fileRef = 13ACEB491920F35200DEEBB1 /* RoutineItemViewController.m */; };
		13ACEB4D192105AB00DEEBB1 /* TrackItemViewController.m in Sources */ = {isa = PBXBuildFile; fileRef = 13ACEB4C192105AB00DEEBB1 /* TrackItemViewController.m */; };
		13B5195018F2687B00D52DF4 /* PersonalViewEventTrackCell.m in Sources */ = {isa = PBXBuildFile; fileRef = 13B5194E18F2687B00D52DF4 /* PersonalViewEventTrackCell.m */; };
		13B5195118F2687B00D52DF4 /* PersonalViewEventTrackCell.xib in Resources */ = {isa = PBXBuildFile; fileRef = 13B5194F18F2687B00D52DF4 /* PersonalViewEventTrackCell.xib */; };
		13B930641928FF3E0035CACD /* BounceAnimation.m in Sources */ = {isa = PBXBuildFile; fileRef = 13B930631928FF3E0035CACD /* BounceAnimation.m */; };
		13CCE57918EC469500462A83 /* PersonalViewAvgTimeCell.m in Sources */ = {isa = PBXBuildFile; fileRef = 13CCE57718EC469500462A83 /* PersonalViewAvgTimeCell.m */; };
		13CCE57A18EC469500462A83 /* PersonalViewAvgTimeCell.xib in Resources */ = {isa = PBXBuildFile; fileRef = 13CCE57818EC469500462A83 /* PersonalViewAvgTimeCell.xib */; };
		13CCE58018EC49E400462A83 /* PersonalView_Avg@2x.png in Resources */ = {isa = PBXBuildFile; fileRef = 13CCE57E18EC49E400462A83 /* PersonalView_Avg@2x.png */; };
		13CCE58118EC49E400462A83 /* PersonalView_Total@2x.png in Resources */ = {isa = PBXBuildFile; fileRef = 13CCE57F18EC49E400462A83 /* PersonalView_Total@2x.png */; };
		13CCE58518EC557700462A83 /* Roboto-Medium.ttf in Resources */ = {isa = PBXBuildFile; fileRef = 13CCE58418EC501200462A83 /* Roboto-Medium.ttf */; };
		13CCE58918EC5ABC00462A83 /* timeDistributeCell.m in Sources */ = {isa = PBXBuildFile; fileRef = 13CCE58718EC5ABC00462A83 /* timeDistributeCell.m */; };
		13CCE58A18EC5ABC00462A83 /* timeDistributeCell.xib in Resources */ = {isa = PBXBuildFile; fileRef = 13CCE58818EC5ABC00462A83 /* timeDistributeCell.xib */; };
		13EA460E1939936000AF229E /* TimePie_RingBG2@2x.png in Resources */ = {isa = PBXBuildFile; fileRef = 13EA460D1939936000AF229E /* TimePie_RingBG2@2x.png */; };
		13F4CBB618F1BD4700D716AE /* tDCPieChart.m in Sources */ = {isa = PBXBuildFile; fileRef = 13F4CBB518F1BD4700D716AE /* tDCPieChart.m */; };
		13F4CBBA18F1C12100D716AE /* UIView+Frame.m in Sources */ = {isa = PBXBuildFile; fileRef = 13F4CBB918F1C12100D716AE /* UIView+Frame.m */; };
		6831559B1909201400C9A27C /* StatsView_itemCellBG@2x.png in Resources */ = {isa = PBXBuildFile; fileRef = 6831559A1909201400C9A27C /* StatsView_itemCellBG@2x.png */; };
		6831559E1909263C00C9A27C /* BEMLine.m in Sources */ = {isa = PBXBuildFile; fileRef = 6831559D1909263C00C9A27C /* BEMLine.m */; };
		688586ED190931AE0050D15D /* StatsBackButton@2x.png in Resources */ = {isa = PBXBuildFile; fileRef = 688586EC190931AE0050D15D /* StatsBackButton@2x.png */; };
		688586F11909368A0050D15D /* StatsNavShadow@2x.png in Resources */ = {isa = PBXBuildFile; fileRef = 688586F01909368A0050D15D /* StatsNavShadow@2x.png */; };
		68BBB2101934EE2600FDC1A4 /* HorizontalScaleLineView.m in Sources */ = {isa = PBXBuildFile; fileRef = 68BBB20F1934EE2600FDC1A4 /* HorizontalScaleLineView.m */; };
		68BBB2121934F1E300FDC1A4 /* scaleLineBG@2x.png in Resources */ = {isa = PBXBuildFile; fileRef = 68BBB2111934F1E300FDC1A4 /* scaleLineBG@2x.png */; };
		68BBE0981909193F00F12101 /* StatsLineGraphView.m in Sources */ = {isa = PBXBuildFile; fileRef = 68BBE0971909193F00F12101 /* StatsLineGraphView.m */; };
		68BBE09C19091A4600F12101 /* StatsItemTableViewCell.m in Sources */ = {isa = PBXBuildFile; fileRef = 68BBE09A19091A4600F12101 /* StatsItemTableViewCell.m */; };
		68BBE09D19091A4600F12101 /* StatsItemTableViewCell.xib in Resources */ = {isa = PBXBuildFile; fileRef = 68BBE09B19091A4600F12101 /* StatsItemTableViewCell.xib */; };
		68BBE0A019091A7600F12101 /* ZBStatsItemData.m in Sources */ = {isa = PBXBuildFile; fileRef = 68BBE09F19091A7600F12101 /* ZBStatsItemData.m */; };
		68BBE0A319091B9500F12101 /* StatsCircle.m in Sources */ = {isa = PBXBuildFile; fileRef = 68BBE0A219091B9500F12101 /* StatsCircle.m */; };
		68BBE0A619091C6700F12101 /* StatsLine.m in Sources */ = {isa = PBXBuildFile; fileRef = 68BBE0A519091C6700F12101 /* StatsLine.m */; };
		68BBE0A919091D5C00F12101 /* StatsAnimations.m in Sources */ = {isa = PBXBuildFile; fileRef = 68BBE0A819091D5C00F12101 /* StatsAnimations.m */; };
		68BBE0AC19091EB300F12101 /* ZBStatsDataArray.m in Sources */ = {isa = PBXBuildFile; fileRef = 68BBE0AB19091EB300F12101 /* ZBStatsDataArray.m */; };
		CD3E53C6191C94D7005A1416 /* Cancel_btn@2x.png in Resources */ = {isa = PBXBuildFile; fileRef = CD3E53C4191C94D7005A1416 /* Cancel_btn@2x.png */; };
		CD3E53C7191C94D7005A1416 /* History_btn@2x.png in Resources */ = {isa = PBXBuildFile; fileRef = CD3E53C5191C94D7005A1416 /* History_btn@2x.png */; };
		CD45DB44192239460050A39F /* SelectView.m in Sources */ = {isa = PBXBuildFile; fileRef = CD45DB43192239460050A39F /* SelectView.m */; };
		CD4CE05718E464D000916A4B /* Foundation.framework in Frameworks */ = {isa = PBXBuildFile; fileRef = CD4CE05618E464D000916A4B /* Foundation.framework */; };
		CD4CE05918E464D000916A4B /* CoreGraphics.framework in Frameworks */ = {isa = PBXBuildFile; fileRef = CD4CE05818E464D000916A4B /* CoreGraphics.framework */; };
		CD4CE05B18E464D000916A4B /* UIKit.framework in Frameworks */ = {isa = PBXBuildFile; fileRef = CD4CE05A18E464D000916A4B /* UIKit.framework */; };
		CD4CE05D18E464D000916A4B /* CoreData.framework in Frameworks */ = {isa = PBXBuildFile; fileRef = CD4CE05C18E464D000916A4B /* CoreData.framework */; };
		CD4CE06318E464D000916A4B /* InfoPlist.strings in Resources */ = {isa = PBXBuildFile; fileRef = CD4CE06118E464D000916A4B /* InfoPlist.strings */; };
		CD4CE06518E464D000916A4B /* main.m in Sources */ = {isa = PBXBuildFile; fileRef = CD4CE06418E464D000916A4B /* main.m */; };
		CD4CE06918E464D000916A4B /* TimePieAppDelegate.m in Sources */ = {isa = PBXBuildFile; fileRef = CD4CE06818E464D000916A4B /* TimePieAppDelegate.m */; };
		CD4CE06C18E464D000916A4B /* TimePie.xcdatamodeld in Sources */ = {isa = PBXBuildFile; fileRef = CD4CE06A18E464D000916A4B /* TimePie.xcdatamodeld */; };
		CD4CE06E18E464D000916A4B /* Images.xcassets in Resources */ = {isa = PBXBuildFile; fileRef = CD4CE06D18E464D000916A4B /* Images.xcassets */; };
		CD4CE07518E464D000916A4B /* XCTest.framework in Frameworks */ = {isa = PBXBuildFile; fileRef = CD4CE07418E464D000916A4B /* XCTest.framework */; };
		CD4CE07618E464D000916A4B /* Foundation.framework in Frameworks */ = {isa = PBXBuildFile; fileRef = CD4CE05618E464D000916A4B /* Foundation.framework */; };
		CD4CE07718E464D000916A4B /* UIKit.framework in Frameworks */ = {isa = PBXBuildFile; fileRef = CD4CE05A18E464D000916A4B /* UIKit.framework */; };
		CD4CE07818E464D000916A4B /* CoreData.framework in Frameworks */ = {isa = PBXBuildFile; fileRef = CD4CE05C18E464D000916A4B /* CoreData.framework */; };
		CD4CE08018E464D000916A4B /* InfoPlist.strings in Resources */ = {isa = PBXBuildFile; fileRef = CD4CE07E18E464D000916A4B /* InfoPlist.strings */; };
		CD4CE08218E464D000916A4B /* TimePieTests.m in Sources */ = {isa = PBXBuildFile; fileRef = CD4CE08118E464D000916A4B /* TimePieTests.m */; };
		CD4CE08E18E4678400916A4B /* MainScreenViewController.m in Sources */ = {isa = PBXBuildFile; fileRef = CD4CE08C18E4678400916A4B /* MainScreenViewController.m */; };
		CD4CE08F18E4678400916A4B /* MainScreenViewController.xib in Resources */ = {isa = PBXBuildFile; fileRef = CD4CE08D18E4678400916A4B /* MainScreenViewController.xib */; };
		CD4CE09518E46EBA00916A4B /* PersonalViewController.m in Sources */ = {isa = PBXBuildFile; fileRef = CD4CE09318E46EBA00916A4B /* PersonalViewController.m */; };
		CD4CE09A18E46EC800916A4B /* StatsViewController.m in Sources */ = {isa = PBXBuildFile; fileRef = CD4CE09818E46EC800916A4B /* StatsViewController.m */; };
		CD4CE09B18E46EC800916A4B /* StatsViewController.xib in Resources */ = {isa = PBXBuildFile; fileRef = CD4CE09918E46EC800916A4B /* StatsViewController.xib */; };
		CD4CE0A418E4700F00916A4B /* CreateItemViewController.m in Sources */ = {isa = PBXBuildFile; fileRef = CD4CE0A218E4700F00916A4B /* CreateItemViewController.m */; };
		CD4CE0A518E4700F00916A4B /* CreateItemViewController.xib in Resources */ = {isa = PBXBuildFile; fileRef = CD4CE0A318E4700F00916A4B /* CreateItemViewController.xib */; };
		CD52392019110D83005EB55A /* personalbtn@2x.png in Resources */ = {isa = PBXBuildFile; fileRef = CD52391F19110D83005EB55A /* personalbtn@2x.png */; };
		CD52392319111298005EB55A /* TimingItemStore.m in Sources */ = {isa = PBXBuildFile; fileRef = CD52392219111298005EB55A /* TimingItemStore.m */; };
		CD5239B71911E178005EB55A /* MainScreenTableView.m in Sources */ = {isa = PBXBuildFile; fileRef = CD5239B61911E178005EB55A /* MainScreenTableView.m */; };
		CD5239C31913691E005EB55A /* ColorThemes.m in Sources */ = {isa = PBXBuildFile; fileRef = CD5239C21913691E005EB55A /* ColorThemes.m */; };
		CD601A5F1935F918008946E9 /* TimingItemEntity.m in Sources */ = {isa = PBXBuildFile; fileRef = CD601A5E1935F918008946E9 /* TimingItemEntity.m */; };
		CD601A651936131F008946E9 /* TimePie_Nav_Logo@2x.png in Resources */ = {isa = PBXBuildFile; fileRef = CD601A641936131F008946E9 /* TimePie_Nav_Logo@2x.png */; };
		CD601A67193613BE008946E9 /* Ubuntu-R.ttf in Resources */ = {isa = PBXBuildFile; fileRef = CD601A66193613AE008946E9 /* Ubuntu-R.ttf */; };
		CD601A6C1939A118008946E9 /* libWeChatSDK.a in Frameworks */ = {isa = PBXBuildFile; fileRef = CD601A691939A118008946E9 /* libWeChatSDK.a */; };
		CD601A6F1939A1D2008946E9 /* WeiXinHelper.m in Sources */ = {isa = PBXBuildFile; fileRef = CD601A6E1939A1D2008946E9 /* WeiXinHelper.m */; };
		CD6F7DFE191A508800C962B7 /* Tag.m in Sources */ = {isa = PBXBuildFile; fileRef = CD6F7DFD191A508800C962B7 /* Tag.m */; };
		CD6F7E01191A50F400C962B7 /* User.m in Sources */ = {isa = PBXBuildFile; fileRef = CD6F7E00191A50F400C962B7 /* User.m */; };
		CD8EE0F3190D242200F58797 /* TimingItem1.m in Sources */ = {isa = PBXBuildFile; fileRef = CD8EE0F2190D242200F58797 /* TimingItem1.m */; };
		CD8EE0F7190D246300F58797 /* XYPieChart.m in Sources */ = {isa = PBXBuildFile; fileRef = CD8EE0F6190D246300F58797 /* XYPieChart.m */; };
		CD9CE6A71919D23E003C4CA6 /* DateHelper.m in Sources */ = {isa = PBXBuildFile; fileRef = CD9CE6A61919D23E003C4CA6 /* DateHelper.m */; };
		CD9CE6AD191A06D5003C4CA6 /* Output.m in Sources */ = {isa = PBXBuildFile; fileRef = CD9CE6AC191A06D5003C4CA6 /* Output.m */; };
		CDB36F191931E87D00E7BBCE /* Roboto-Condensed.ttf in Resources */ = {isa = PBXBuildFile; fileRef = CD52CC161931E82200BB7FB9 /* Roboto-Condensed.ttf */; };
		CDB36F1B1931EB9400E7BBCE /* TimePie_RingBG@2x.png in Resources */ = {isa = PBXBuildFile; fileRef = CDB36F1A1931EB9400E7BBCE /* TimePie_RingBG@2x.png */; };
		CDC8858C1910FE1500A67510 /* TCell.xib in Resources */ = {isa = PBXBuildFile; fileRef = CDC8858B1910FE1500A67510 /* TCell.xib */; };
		CDC8858F1910FE3400A67510 /* TCell.m in Sources */ = {isa = PBXBuildFile; fileRef = CDC8858E1910FE3400A67510 /* TCell.m */; };
/* End PBXBuildFile section */

/* Begin PBXContainerItemProxy section */
		CD4CE07918E464D000916A4B /* PBXContainerItemProxy */ = {
			isa = PBXContainerItemProxy;
			containerPortal = CD4CE04B18E464D000916A4B /* Project object */;
			proxyType = 1;
			remoteGlobalIDString = CD4CE05218E464D000916A4B;
			remoteInfo = TimePie;
		};
/* End PBXContainerItemProxy section */

/* Begin PBXFileReference section */
		1316DB05191BE13500E74E3C /* SettingsThemeViewController.h */ = {isa = PBXFileReference; fileEncoding = 4; lastKnownFileType = sourcecode.c.h; path = SettingsThemeViewController.h; sourceTree = "<group>"; };
		1316DB06191BE13500E74E3C /* SettingsThemeViewController.m */ = {isa = PBXFileReference; fileEncoding = 4; lastKnownFileType = sourcecode.c.objc; path = SettingsThemeViewController.m; sourceTree = "<group>"; };
		132A702118EB026F00AA675F /* TimePie_Personal_Exit_Button@2x.png */ = {isa = PBXFileReference; lastKnownFileType = image.png; path = "TimePie_Personal_Exit_Button@2x.png"; sourceTree = "<group>"; };
		134189871904111900DF2F41 /* SettingsViewController.h */ = {isa = PBXFileReference; fileEncoding = 4; lastKnownFileType = sourcecode.c.h; path = SettingsViewController.h; sourceTree = "<group>"; };
		134189881904111900DF2F41 /* SettingsViewController.m */ = {isa = PBXFileReference; fileEncoding = 4; lastKnownFileType = sourcecode.c.objc; path = SettingsViewController.m; sourceTree = "<group>"; };
		134275D018FC403300533378 /* eventTrackColumnGraph.h */ = {isa = PBXFileReference; fileEncoding = 4; lastKnownFileType = sourcecode.c.h; path = eventTrackColumnGraph.h; sourceTree = "<group>"; };
		134275D118FC403300533378 /* eventTrackColumnGraph.m */ = {isa = PBXFileReference; fileEncoding = 4; lastKnownFileType = sourcecode.c.objc; path = eventTrackColumnGraph.m; sourceTree = "<group>"; };
		134BDD81191A8DC30095DB10 /* themeView.h */ = {isa = PBXFileReference; fileEncoding = 4; lastKnownFileType = sourcecode.c.h; path = themeView.h; sourceTree = "<group>"; };
		134BDD82191A8DC30095DB10 /* themeView.m */ = {isa = PBXFileReference; fileEncoding = 4; lastKnownFileType = sourcecode.c.objc; path = themeView.m; sourceTree = "<group>"; };
		134D50BA18EAFE910066C117 /* BasicUIColor+UIPosition.h */ = {isa = PBXFileReference; lastKnownFileType = sourcecode.c.h; path = "BasicUIColor+UIPosition.h"; sourceTree = "<group>"; };
		1367C5AF191E3B67005BF8AA /* themeDetailView.h */ = {isa = PBXFileReference; fileEncoding = 4; lastKnownFileType = sourcecode.c.h; path = themeDetailView.h; sourceTree = "<group>"; };
		1367C5B0191E3B67005BF8AA /* themeDetailView.m */ = {isa = PBXFileReference; fileEncoding = 4; lastKnownFileType = sourcecode.c.objc; path = themeDetailView.m; sourceTree = "<group>"; };
		1378213C19055B3800083168 /* PersonalViewPicker.h */ = {isa = PBXFileReference; fileEncoding = 4; lastKnownFileType = sourcecode.c.h; path = PersonalViewPicker.h; sourceTree = "<group>"; };
		1378213D19055B3800083168 /* PersonalViewPicker.m */ = {isa = PBXFileReference; fileEncoding = 4; lastKnownFileType = sourcecode.c.objc; path = PersonalViewPicker.m; sourceTree = "<group>"; };
		13ACEB481920F35200DEEBB1 /* RoutineItemViewController.h */ = {isa = PBXFileReference; fileEncoding = 4; lastKnownFileType = sourcecode.c.h; path = RoutineItemViewController.h; sourceTree = "<group>"; };
		13ACEB491920F35200DEEBB1 /* RoutineItemViewController.m */ = {isa = PBXFileReference; fileEncoding = 4; lastKnownFileType = sourcecode.c.objc; path = RoutineItemViewController.m; sourceTree = "<group>"; };
		13ACEB4B192105AB00DEEBB1 /* TrackItemViewController.h */ = {isa = PBXFileReference; fileEncoding = 4; lastKnownFileType = sourcecode.c.h; path = TrackItemViewController.h; sourceTree = "<group>"; };
		13ACEB4C192105AB00DEEBB1 /* TrackItemViewController.m */ = {isa = PBXFileReference; fileEncoding = 4; lastKnownFileType = sourcecode.c.objc; path = TrackItemViewController.m; sourceTree = "<group>"; };
		13B5194D18F2687B00D52DF4 /* PersonalViewEventTrackCell.h */ = {isa = PBXFileReference; fileEncoding = 4; lastKnownFileType = sourcecode.c.h; path = PersonalViewEventTrackCell.h; sourceTree = "<group>"; };
		13B5194E18F2687B00D52DF4 /* PersonalViewEventTrackCell.m */ = {isa = PBXFileReference; fileEncoding = 4; lastKnownFileType = sourcecode.c.objc; path = PersonalViewEventTrackCell.m; sourceTree = "<group>"; };
		13B5194F18F2687B00D52DF4 /* PersonalViewEventTrackCell.xib */ = {isa = PBXFileReference; fileEncoding = 4; lastKnownFileType = file.xib; path = PersonalViewEventTrackCell.xib; sourceTree = "<group>"; };
		13B930621928FF3E0035CACD /* BounceAnimation.h */ = {isa = PBXFileReference; fileEncoding = 4; lastKnownFileType = sourcecode.c.h; path = BounceAnimation.h; sourceTree = "<group>"; };
		13B930631928FF3E0035CACD /* BounceAnimation.m */ = {isa = PBXFileReference; fileEncoding = 4; lastKnownFileType = sourcecode.c.objc; path = BounceAnimation.m; sourceTree = "<group>"; };
		13CCE57618EC469500462A83 /* PersonalViewAvgTimeCell.h */ = {isa = PBXFileReference; fileEncoding = 4; lastKnownFileType = sourcecode.c.h; path = PersonalViewAvgTimeCell.h; sourceTree = "<group>"; };
		13CCE57718EC469500462A83 /* PersonalViewAvgTimeCell.m */ = {isa = PBXFileReference; fileEncoding = 4; lastKnownFileType = sourcecode.c.objc; path = PersonalViewAvgTimeCell.m; sourceTree = "<group>"; };
		13CCE57818EC469500462A83 /* PersonalViewAvgTimeCell.xib */ = {isa = PBXFileReference; fileEncoding = 4; lastKnownFileType = file.xib; path = PersonalViewAvgTimeCell.xib; sourceTree = "<group>"; };
		13CCE57E18EC49E400462A83 /* PersonalView_Avg@2x.png */ = {isa = PBXFileReference; lastKnownFileType = image.png; path = "PersonalView_Avg@2x.png"; sourceTree = "<group>"; };
		13CCE57F18EC49E400462A83 /* PersonalView_Total@2x.png */ = {isa = PBXFileReference; lastKnownFileType = image.png; path = "PersonalView_Total@2x.png"; sourceTree = "<group>"; };
		13CCE58418EC501200462A83 /* Roboto-Medium.ttf */ = {isa = PBXFileReference; lastKnownFileType = file; path = "Roboto-Medium.ttf"; sourceTree = "<group>"; };
		13CCE58618EC5ABC00462A83 /* timeDistributeCell.h */ = {isa = PBXFileReference; fileEncoding = 4; lastKnownFileType = sourcecode.c.h; path = timeDistributeCell.h; sourceTree = "<group>"; };
		13CCE58718EC5ABC00462A83 /* timeDistributeCell.m */ = {isa = PBXFileReference; fileEncoding = 4; lastKnownFileType = sourcecode.c.objc; path = timeDistributeCell.m; sourceTree = "<group>"; };
		13CCE58818EC5ABC00462A83 /* timeDistributeCell.xib */ = {isa = PBXFileReference; fileEncoding = 4; lastKnownFileType = file.xib; path = timeDistributeCell.xib; sourceTree = "<group>"; };
		13EA460D1939936000AF229E /* TimePie_RingBG2@2x.png */ = {isa = PBXFileReference; lastKnownFileType = image.png; path = "TimePie_RingBG2@2x.png"; sourceTree = "<group>"; };
		13F4CBB418F1BD4700D716AE /* tDCPieChart.h */ = {isa = PBXFileReference; fileEncoding = 4; lastKnownFileType = sourcecode.c.h; path = tDCPieChart.h; sourceTree = "<group>"; };
		13F4CBB518F1BD4700D716AE /* tDCPieChart.m */ = {isa = PBXFileReference; fileEncoding = 4; lastKnownFileType = sourcecode.c.objc; path = tDCPieChart.m; sourceTree = "<group>"; };
		13F4CBB818F1C12100D716AE /* UIView+Frame.h */ = {isa = PBXFileReference; fileEncoding = 4; lastKnownFileType = sourcecode.c.h; path = "UIView+Frame.h"; sourceTree = "<group>"; };
		13F4CBB918F1C12100D716AE /* UIView+Frame.m */ = {isa = PBXFileReference; fileEncoding = 4; lastKnownFileType = sourcecode.c.objc; path = "UIView+Frame.m"; sourceTree = "<group>"; };
		6831559A1909201400C9A27C /* StatsView_itemCellBG@2x.png */ = {isa = PBXFileReference; lastKnownFileType = image.png; path = "StatsView_itemCellBG@2x.png"; sourceTree = "<group>"; };
		6831559C1909263C00C9A27C /* BEMLine.h */ = {isa = PBXFileReference; fileEncoding = 4; lastKnownFileType = sourcecode.c.h; path = BEMLine.h; sourceTree = "<group>"; };
		6831559D1909263C00C9A27C /* BEMLine.m */ = {isa = PBXFileReference; fileEncoding = 4; lastKnownFileType = sourcecode.c.objc; path = BEMLine.m; sourceTree = "<group>"; };
		688586EC190931AE0050D15D /* StatsBackButton@2x.png */ = {isa = PBXFileReference; lastKnownFileType = image.png; path = "StatsBackButton@2x.png"; sourceTree = "<group>"; };
		688586F01909368A0050D15D /* StatsNavShadow@2x.png */ = {isa = PBXFileReference; lastKnownFileType = image.png; path = "StatsNavShadow@2x.png"; sourceTree = "<group>"; };
		68AF964B19166E4B00CDF8D7 /* GraphTypeEnum.h */ = {isa = PBXFileReference; lastKnownFileType = sourcecode.c.h; path = GraphTypeEnum.h; sourceTree = "<group>"; };
		68BBB20E1934EE2600FDC1A4 /* HorizontalScaleLineView.h */ = {isa = PBXFileReference; fileEncoding = 4; lastKnownFileType = sourcecode.c.h; path = HorizontalScaleLineView.h; sourceTree = "<group>"; };
		68BBB20F1934EE2600FDC1A4 /* HorizontalScaleLineView.m */ = {isa = PBXFileReference; fileEncoding = 4; lastKnownFileType = sourcecode.c.objc; path = HorizontalScaleLineView.m; sourceTree = "<group>"; };
		68BBB2111934F1E300FDC1A4 /* scaleLineBG@2x.png */ = {isa = PBXFileReference; lastKnownFileType = image.png; path = "scaleLineBG@2x.png"; sourceTree = "<group>"; };
		68BBE0961909193F00F12101 /* StatsLineGraphView.h */ = {isa = PBXFileReference; fileEncoding = 4; lastKnownFileType = sourcecode.c.h; path = StatsLineGraphView.h; sourceTree = "<group>"; };
		68BBE0971909193F00F12101 /* StatsLineGraphView.m */ = {isa = PBXFileReference; fileEncoding = 4; lastKnownFileType = sourcecode.c.objc; path = StatsLineGraphView.m; sourceTree = "<group>"; };
		68BBE09919091A4600F12101 /* StatsItemTableViewCell.h */ = {isa = PBXFileReference; fileEncoding = 4; lastKnownFileType = sourcecode.c.h; path = StatsItemTableViewCell.h; sourceTree = "<group>"; };
		68BBE09A19091A4600F12101 /* StatsItemTableViewCell.m */ = {isa = PBXFileReference; fileEncoding = 4; lastKnownFileType = sourcecode.c.objc; path = StatsItemTableViewCell.m; sourceTree = "<group>"; };
		68BBE09B19091A4600F12101 /* StatsItemTableViewCell.xib */ = {isa = PBXFileReference; fileEncoding = 4; lastKnownFileType = file.xib; path = StatsItemTableViewCell.xib; sourceTree = "<group>"; };
		68BBE09E19091A7600F12101 /* ZBStatsItemData.h */ = {isa = PBXFileReference; fileEncoding = 4; lastKnownFileType = sourcecode.c.h; path = ZBStatsItemData.h; sourceTree = "<group>"; };
		68BBE09F19091A7600F12101 /* ZBStatsItemData.m */ = {isa = PBXFileReference; fileEncoding = 4; lastKnownFileType = sourcecode.c.objc; path = ZBStatsItemData.m; sourceTree = "<group>"; };
		68BBE0A119091B9500F12101 /* StatsCircle.h */ = {isa = PBXFileReference; fileEncoding = 4; lastKnownFileType = sourcecode.c.h; path = StatsCircle.h; sourceTree = "<group>"; };
		68BBE0A219091B9500F12101 /* StatsCircle.m */ = {isa = PBXFileReference; fileEncoding = 4; lastKnownFileType = sourcecode.c.objc; path = StatsCircle.m; sourceTree = "<group>"; };
		68BBE0A419091C6700F12101 /* StatsLine.h */ = {isa = PBXFileReference; fileEncoding = 4; lastKnownFileType = sourcecode.c.h; path = StatsLine.h; sourceTree = "<group>"; };
		68BBE0A519091C6700F12101 /* StatsLine.m */ = {isa = PBXFileReference; fileEncoding = 4; lastKnownFileType = sourcecode.c.objc; path = StatsLine.m; sourceTree = "<group>"; };
		68BBE0A719091D5C00F12101 /* StatsAnimations.h */ = {isa = PBXFileReference; fileEncoding = 4; lastKnownFileType = sourcecode.c.h; path = StatsAnimations.h; sourceTree = "<group>"; };
		68BBE0A819091D5C00F12101 /* StatsAnimations.m */ = {isa = PBXFileReference; fileEncoding = 4; lastKnownFileType = sourcecode.c.objc; path = StatsAnimations.m; sourceTree = "<group>"; };
		68BBE0AA19091EB300F12101 /* ZBStatsDataArray.h */ = {isa = PBXFileReference; fileEncoding = 4; lastKnownFileType = sourcecode.c.h; path = ZBStatsDataArray.h; sourceTree = "<group>"; };
		68BBE0AB19091EB300F12101 /* ZBStatsDataArray.m */ = {isa = PBXFileReference; fileEncoding = 4; lastKnownFileType = sourcecode.c.objc; path = ZBStatsDataArray.m; sourceTree = "<group>"; };
		CD3E53C4191C94D7005A1416 /* Cancel_btn@2x.png */ = {isa = PBXFileReference; lastKnownFileType = image.png; path = "Cancel_btn@2x.png"; sourceTree = "<group>"; };
		CD3E53C5191C94D7005A1416 /* History_btn@2x.png */ = {isa = PBXFileReference; lastKnownFileType = image.png; path = "History_btn@2x.png"; sourceTree = "<group>"; };
		CD45DB42192239460050A39F /* SelectView.h */ = {isa = PBXFileReference; fileEncoding = 4; lastKnownFileType = sourcecode.c.h; path = SelectView.h; sourceTree = "<group>"; };
		CD45DB43192239460050A39F /* SelectView.m */ = {isa = PBXFileReference; fileEncoding = 4; lastKnownFileType = sourcecode.c.objc; path = SelectView.m; sourceTree = "<group>"; };
		CD4CE05318E464D000916A4B /* TimePie.app */ = {isa = PBXFileReference; explicitFileType = wrapper.application; includeInIndex = 0; path = TimePie.app; sourceTree = BUILT_PRODUCTS_DIR; };
		CD4CE05618E464D000916A4B /* Foundation.framework */ = {isa = PBXFileReference; lastKnownFileType = wrapper.framework; name = Foundation.framework; path = System/Library/Frameworks/Foundation.framework; sourceTree = SDKROOT; };
		CD4CE05818E464D000916A4B /* CoreGraphics.framework */ = {isa = PBXFileReference; lastKnownFileType = wrapper.framework; name = CoreGraphics.framework; path = System/Library/Frameworks/CoreGraphics.framework; sourceTree = SDKROOT; };
		CD4CE05A18E464D000916A4B /* UIKit.framework */ = {isa = PBXFileReference; lastKnownFileType = wrapper.framework; name = UIKit.framework; path = System/Library/Frameworks/UIKit.framework; sourceTree = SDKROOT; };
		CD4CE05C18E464D000916A4B /* CoreData.framework */ = {isa = PBXFileReference; lastKnownFileType = wrapper.framework; name = CoreData.framework; path = System/Library/Frameworks/CoreData.framework; sourceTree = SDKROOT; };
		CD4CE06018E464D000916A4B /* TimePie-Info.plist */ = {isa = PBXFileReference; lastKnownFileType = text.plist.xml; path = "TimePie-Info.plist"; sourceTree = "<group>"; };
		CD4CE06218E464D000916A4B /* en */ = {isa = PBXFileReference; lastKnownFileType = text.plist.strings; name = en; path = en.lproj/InfoPlist.strings; sourceTree = "<group>"; };
		CD4CE06418E464D000916A4B /* main.m */ = {isa = PBXFileReference; lastKnownFileType = sourcecode.c.objc; path = main.m; sourceTree = "<group>"; };
		CD4CE06618E464D000916A4B /* TimePie-Prefix.pch */ = {isa = PBXFileReference; lastKnownFileType = sourcecode.c.h; path = "TimePie-Prefix.pch"; sourceTree = "<group>"; };
		CD4CE06718E464D000916A4B /* TimePieAppDelegate.h */ = {isa = PBXFileReference; lastKnownFileType = sourcecode.c.h; path = TimePieAppDelegate.h; sourceTree = "<group>"; };
		CD4CE06818E464D000916A4B /* TimePieAppDelegate.m */ = {isa = PBXFileReference; lastKnownFileType = sourcecode.c.objc; path = TimePieAppDelegate.m; sourceTree = "<group>"; };
		CD4CE06B18E464D000916A4B /* TimePie.xcdatamodel */ = {isa = PBXFileReference; lastKnownFileType = wrapper.xcdatamodel; path = TimePie.xcdatamodel; sourceTree = "<group>"; };
		CD4CE06D18E464D000916A4B /* Images.xcassets */ = {isa = PBXFileReference; lastKnownFileType = folder.assetcatalog; path = Images.xcassets; sourceTree = "<group>"; };
		CD4CE07318E464D000916A4B /* TimePieTests.xctest */ = {isa = PBXFileReference; explicitFileType = wrapper.cfbundle; includeInIndex = 0; path = TimePieTests.xctest; sourceTree = BUILT_PRODUCTS_DIR; };
		CD4CE07418E464D000916A4B /* XCTest.framework */ = {isa = PBXFileReference; lastKnownFileType = wrapper.framework; name = XCTest.framework; path = Library/Frameworks/XCTest.framework; sourceTree = DEVELOPER_DIR; };
		CD4CE07D18E464D000916A4B /* TimePieTests-Info.plist */ = {isa = PBXFileReference; lastKnownFileType = text.plist.xml; path = "TimePieTests-Info.plist"; sourceTree = "<group>"; };
		CD4CE07F18E464D000916A4B /* en */ = {isa = PBXFileReference; lastKnownFileType = text.plist.strings; name = en; path = en.lproj/InfoPlist.strings; sourceTree = "<group>"; };
		CD4CE08118E464D000916A4B /* TimePieTests.m */ = {isa = PBXFileReference; lastKnownFileType = sourcecode.c.objc; path = TimePieTests.m; sourceTree = "<group>"; };
		CD4CE08B18E4678400916A4B /* MainScreenViewController.h */ = {isa = PBXFileReference; fileEncoding = 4; lastKnownFileType = sourcecode.c.h; path = MainScreenViewController.h; sourceTree = "<group>"; };
		CD4CE08C18E4678400916A4B /* MainScreenViewController.m */ = {isa = PBXFileReference; fileEncoding = 4; lastKnownFileType = sourcecode.c.objc; path = MainScreenViewController.m; sourceTree = "<group>"; };
		CD4CE08D18E4678400916A4B /* MainScreenViewController.xib */ = {isa = PBXFileReference; fileEncoding = 4; lastKnownFileType = file.xib; path = MainScreenViewController.xib; sourceTree = "<group>"; };
		CD4CE09218E46EBA00916A4B /* PersonalViewController.h */ = {isa = PBXFileReference; fileEncoding = 4; lastKnownFileType = sourcecode.c.h; path = PersonalViewController.h; sourceTree = "<group>"; };
		CD4CE09318E46EBA00916A4B /* PersonalViewController.m */ = {isa = PBXFileReference; fileEncoding = 4; lastKnownFileType = sourcecode.c.objc; path = PersonalViewController.m; sourceTree = "<group>"; };
		CD4CE09718E46EC800916A4B /* StatsViewController.h */ = {isa = PBXFileReference; fileEncoding = 4; lastKnownFileType = sourcecode.c.h; path = StatsViewController.h; sourceTree = "<group>"; };
		CD4CE09818E46EC800916A4B /* StatsViewController.m */ = {isa = PBXFileReference; fileEncoding = 4; lastKnownFileType = sourcecode.c.objc; path = StatsViewController.m; sourceTree = "<group>"; };
		CD4CE09918E46EC800916A4B /* StatsViewController.xib */ = {isa = PBXFileReference; fileEncoding = 4; lastKnownFileType = file.xib; path = StatsViewController.xib; sourceTree = "<group>"; };
		CD4CE0A118E4700F00916A4B /* CreateItemViewController.h */ = {isa = PBXFileReference; fileEncoding = 4; lastKnownFileType = sourcecode.c.h; path = CreateItemViewController.h; sourceTree = "<group>"; };
		CD4CE0A218E4700F00916A4B /* CreateItemViewController.m */ = {isa = PBXFileReference; fileEncoding = 4; lastKnownFileType = sourcecode.c.objc; path = CreateItemViewController.m; sourceTree = "<group>"; };
		CD4CE0A318E4700F00916A4B /* CreateItemViewController.xib */ = {isa = PBXFileReference; fileEncoding = 4; lastKnownFileType = file.xib; path = CreateItemViewController.xib; sourceTree = "<group>"; };
		CD52391F19110D83005EB55A /* personalbtn@2x.png */ = {isa = PBXFileReference; lastKnownFileType = image.png; path = "personalbtn@2x.png"; sourceTree = "<group>"; };
		CD52392119111298005EB55A /* TimingItemStore.h */ = {isa = PBXFileReference; fileEncoding = 4; lastKnownFileType = sourcecode.c.h; path = TimingItemStore.h; sourceTree = "<group>"; };
		CD52392219111298005EB55A /* TimingItemStore.m */ = {isa = PBXFileReference; fileEncoding = 4; lastKnownFileType = sourcecode.c.objc; path = TimingItemStore.m; sourceTree = "<group>"; };
		CD5239B51911E178005EB55A /* MainScreenTableView.h */ = {isa = PBXFileReference; fileEncoding = 4; lastKnownFileType = sourcecode.c.h; path = MainScreenTableView.h; sourceTree = "<group>"; };
		CD5239B61911E178005EB55A /* MainScreenTableView.m */ = {isa = PBXFileReference; fileEncoding = 4; lastKnownFileType = sourcecode.c.objc; path = MainScreenTableView.m; sourceTree = "<group>"; };
		CD5239C11913691E005EB55A /* ColorThemes.h */ = {isa = PBXFileReference; fileEncoding = 4; lastKnownFileType = sourcecode.c.h; path = ColorThemes.h; sourceTree = "<group>"; };
		CD5239C21913691E005EB55A /* ColorThemes.m */ = {isa = PBXFileReference; fileEncoding = 4; lastKnownFileType = sourcecode.c.objc; path = ColorThemes.m; sourceTree = "<group>"; };
		CD52CC161931E82200BB7FB9 /* Roboto-Condensed.ttf */ = {isa = PBXFileReference; lastKnownFileType = file; path = "Roboto-Condensed.ttf"; sourceTree = "<group>"; };
		CD601A5D1935F918008946E9 /* TimingItemEntity.h */ = {isa = PBXFileReference; fileEncoding = 4; lastKnownFileType = sourcecode.c.h; path = TimingItemEntity.h; sourceTree = "<group>"; };
		CD601A5E1935F918008946E9 /* TimingItemEntity.m */ = {isa = PBXFileReference; fileEncoding = 4; lastKnownFileType = sourcecode.c.objc; path = TimingItemEntity.m; sourceTree = "<group>"; };
		CD601A641936131F008946E9 /* TimePie_Nav_Logo@2x.png */ = {isa = PBXFileReference; lastKnownFileType = image.png; path = "TimePie_Nav_Logo@2x.png"; sourceTree = "<group>"; };
		CD601A66193613AE008946E9 /* Ubuntu-R.ttf */ = {isa = PBXFileReference; lastKnownFileType = file; path = "Ubuntu-R.ttf"; sourceTree = "<group>"; };
		CD601A691939A118008946E9 /* libWeChatSDK.a */ = {isa = PBXFileReference; lastKnownFileType = archive.ar; path = libWeChatSDK.a; sourceTree = "<group>"; };
		CD601A6A1939A118008946E9 /* WXApi.h */ = {isa = PBXFileReference; fileEncoding = 4; lastKnownFileType = sourcecode.c.h; path = WXApi.h; sourceTree = "<group>"; };
		CD601A6B1939A118008946E9 /* WXApiObject.h */ = {isa = PBXFileReference; fileEncoding = 4; lastKnownFileType = sourcecode.c.h; path = WXApiObject.h; sourceTree = "<group>"; };
		CD601A6D1939A1D2008946E9 /* WeiXinHelper.h */ = {isa = PBXFileReference; fileEncoding = 4; lastKnownFileType = sourcecode.c.h; path = WeiXinHelper.h; sourceTree = "<group>"; };
		CD601A6E1939A1D2008946E9 /* WeiXinHelper.m */ = {isa = PBXFileReference; fileEncoding = 4; lastKnownFileType = sourcecode.c.objc; path = WeiXinHelper.m; sourceTree = "<group>"; };
		CD6F7DFC191A508800C962B7 /* Tag.h */ = {isa = PBXFileReference; fileEncoding = 4; lastKnownFileType = sourcecode.c.h; path = Tag.h; sourceTree = "<group>"; };
		CD6F7DFD191A508800C962B7 /* Tag.m */ = {isa = PBXFileReference; fileEncoding = 4; lastKnownFileType = sourcecode.c.objc; path = Tag.m; sourceTree = "<group>"; };
		CD6F7DFF191A50F400C962B7 /* User.h */ = {isa = PBXFileReference; fileEncoding = 4; lastKnownFileType = sourcecode.c.h; path = User.h; sourceTree = "<group>"; };
		CD6F7E00191A50F400C962B7 /* User.m */ = {isa = PBXFileReference; fileEncoding = 4; lastKnownFileType = sourcecode.c.objc; path = User.m; sourceTree = "<group>"; };
		CD8EE0F1190D242200F58797 /* TimingItem1.h */ = {isa = PBXFileReference; fileEncoding = 4; lastKnownFileType = sourcecode.c.h; path = TimingItem1.h; sourceTree = "<group>"; };
		CD8EE0F2190D242200F58797 /* TimingItem1.m */ = {isa = PBXFileReference; fileEncoding = 4; lastKnownFileType = sourcecode.c.objc; path = TimingItem1.m; sourceTree = "<group>"; };
		CD8EE0F5190D246300F58797 /* XYPieChart.h */ = {isa = PBXFileReference; fileEncoding = 4; lastKnownFileType = sourcecode.c.h; path = XYPieChart.h; sourceTree = "<group>"; };
		CD8EE0F6190D246300F58797 /* XYPieChart.m */ = {isa = PBXFileReference; fileEncoding = 4; lastKnownFileType = sourcecode.c.objc; path = XYPieChart.m; sourceTree = "<group>"; };
		CD9CE6A51919D23E003C4CA6 /* DateHelper.h */ = {isa = PBXFileReference; fileEncoding = 4; lastKnownFileType = sourcecode.c.h; path = DateHelper.h; sourceTree = "<group>"; };
		CD9CE6A61919D23E003C4CA6 /* DateHelper.m */ = {isa = PBXFileReference; fileEncoding = 4; lastKnownFileType = sourcecode.c.objc; path = DateHelper.m; sourceTree = "<group>"; };
		CD9CE6AB191A06D5003C4CA6 /* Output.h */ = {isa = PBXFileReference; fileEncoding = 4; lastKnownFileType = sourcecode.c.h; path = Output.h; sourceTree = "<group>"; };
		CD9CE6AC191A06D5003C4CA6 /* Output.m */ = {isa = PBXFileReference; fileEncoding = 4; lastKnownFileType = sourcecode.c.objc; path = Output.m; sourceTree = "<group>"; };
		CD9CE6AE191A0729003C4CA6 /* GlobleConstants.h */ = {isa = PBXFileReference; fileEncoding = 4; lastKnownFileType = sourcecode.c.h; path = GlobleConstants.h; sourceTree = "<group>"; };
		CDB36F1A1931EB9400E7BBCE /* TimePie_RingBG@2x.png */ = {isa = PBXFileReference; lastKnownFileType = image.png; path = "TimePie_RingBG@2x.png"; sourceTree = "<group>"; };
		CDC8858B1910FE1500A67510 /* TCell.xib */ = {isa = PBXFileReference; fileEncoding = 4; lastKnownFileType = file.xib; path = TCell.xib; sourceTree = "<group>"; };
		CDC8858D1910FE3400A67510 /* TCell.h */ = {isa = PBXFileReference; fileEncoding = 4; lastKnownFileType = sourcecode.c.h; path = TCell.h; sourceTree = "<group>"; };
		CDC8858E1910FE3400A67510 /* TCell.m */ = {isa = PBXFileReference; fileEncoding = 4; lastKnownFileType = sourcecode.c.objc; path = TCell.m; sourceTree = "<group>"; };
/* End PBXFileReference section */

/* Begin PBXFrameworksBuildPhase section */
		CD4CE05018E464D000916A4B /* Frameworks */ = {
			isa = PBXFrameworksBuildPhase;
			buildActionMask = 2147483647;
			files = (
				CD4CE05918E464D000916A4B /* CoreGraphics.framework in Frameworks */,
				CD4CE05D18E464D000916A4B /* CoreData.framework in Frameworks */,
				CD4CE05B18E464D000916A4B /* UIKit.framework in Frameworks */,
				CD4CE05718E464D000916A4B /* Foundation.framework in Frameworks */,
				CD601A6C1939A118008946E9 /* libWeChatSDK.a in Frameworks */,
			);
			runOnlyForDeploymentPostprocessing = 0;
		};
		CD4CE07018E464D000916A4B /* Frameworks */ = {
			isa = PBXFrameworksBuildPhase;
			buildActionMask = 2147483647;
			files = (
				CD4CE07518E464D000916A4B /* XCTest.framework in Frameworks */,
				CD4CE07818E464D000916A4B /* CoreData.framework in Frameworks */,
				CD4CE07718E464D000916A4B /* UIKit.framework in Frameworks */,
				CD4CE07618E464D000916A4B /* Foundation.framework in Frameworks */,
			);
			runOnlyForDeploymentPostprocessing = 0;
		};
/* End PBXFrameworksBuildPhase section */

/* Begin PBXGroup section */
		132A702318EB027600AA675F /* Resource */ = {
			isa = PBXGroup;
			children = (
				13CCE58318EC500800462A83 /* Fonts */,
				13CCE58218EC4FFC00462A83 /* Images */,
			);
			name = Resource;
			sourceTree = "<group>";
		};
		134BDD7F191A8D820095DB10 /* Settings */ = {
			isa = PBXGroup;
			children = (
				134189871904111900DF2F41 /* SettingsViewController.h */,
				134189881904111900DF2F41 /* SettingsViewController.m */,
				1316DB05191BE13500E74E3C /* SettingsThemeViewController.h */,
				1316DB06191BE13500E74E3C /* SettingsThemeViewController.m */,
				13ACEB481920F35200DEEBB1 /* RoutineItemViewController.h */,
				13ACEB491920F35200DEEBB1 /* RoutineItemViewController.m */,
				13ACEB4B192105AB00DEEBB1 /* TrackItemViewController.h */,
				13ACEB4C192105AB00DEEBB1 /* TrackItemViewController.m */,
			);
			name = Settings;
			sourceTree = "<group>";
		};
		134BDD80191A8DA30095DB10 /* SettingsView */ = {
			isa = PBXGroup;
			children = (
				134BDD81191A8DC30095DB10 /* themeView.h */,
				134BDD82191A8DC30095DB10 /* themeView.m */,
				1367C5AF191E3B67005BF8AA /* themeDetailView.h */,
				1367C5B0191E3B67005BF8AA /* themeDetailView.m */,
			);
			name = SettingsView;
			sourceTree = "<group>";
		};
		13CCE57318EC2F8800462A83 /* views */ = {
			isa = PBXGroup;
			children = (
				134BDD80191A8DA30095DB10 /* SettingsView */,
				CD8EE0F4190D245800F58797 /* MainView */,
				68BBE095190918F100F12101 /* StatsView */,
				13CCE57418EC2FAD00462A83 /* PersonalView */,
			);
			name = views;
			sourceTree = "<group>";
		};
		13CCE57418EC2FAD00462A83 /* PersonalView */ = {
			isa = PBXGroup;
			children = (
				13CCE57618EC469500462A83 /* PersonalViewAvgTimeCell.h */,
				13CCE57718EC469500462A83 /* PersonalViewAvgTimeCell.m */,
				13CCE57818EC469500462A83 /* PersonalViewAvgTimeCell.xib */,
				13CCE58618EC5ABC00462A83 /* timeDistributeCell.h */,
				13CCE58718EC5ABC00462A83 /* timeDistributeCell.m */,
				13CCE58818EC5ABC00462A83 /* timeDistributeCell.xib */,
				13F4CBB418F1BD4700D716AE /* tDCPieChart.h */,
				13F4CBB518F1BD4700D716AE /* tDCPieChart.m */,
				13B5194D18F2687B00D52DF4 /* PersonalViewEventTrackCell.h */,
				13B5194E18F2687B00D52DF4 /* PersonalViewEventTrackCell.m */,
				13B5194F18F2687B00D52DF4 /* PersonalViewEventTrackCell.xib */,
				134275D018FC403300533378 /* eventTrackColumnGraph.h */,
				134275D118FC403300533378 /* eventTrackColumnGraph.m */,
				1378213C19055B3800083168 /* PersonalViewPicker.h */,
				1378213D19055B3800083168 /* PersonalViewPicker.m */,
			);
			name = PersonalView;
			sourceTree = "<group>";
		};
		13CCE58218EC4FFC00462A83 /* Images */ = {
			isa = PBXGroup;
			children = (
				13EA460D1939936000AF229E /* TimePie_RingBG2@2x.png */,
				CD601A641936131F008946E9 /* TimePie_Nav_Logo@2x.png */,
				68BBB2111934F1E300FDC1A4 /* scaleLineBG@2x.png */,
				CDB36F1A1931EB9400E7BBCE /* TimePie_RingBG@2x.png */,
				CD3E53C4191C94D7005A1416 /* Cancel_btn@2x.png */,
				CD3E53C5191C94D7005A1416 /* History_btn@2x.png */,
				CD52391F19110D83005EB55A /* personalbtn@2x.png */,
				688586F01909368A0050D15D /* StatsNavShadow@2x.png */,
				688586EC190931AE0050D15D /* StatsBackButton@2x.png */,
				6831559A1909201400C9A27C /* StatsView_itemCellBG@2x.png */,
				13CCE57E18EC49E400462A83 /* PersonalView_Avg@2x.png */,
				13CCE57F18EC49E400462A83 /* PersonalView_Total@2x.png */,
				132A702118EB026F00AA675F /* TimePie_Personal_Exit_Button@2x.png */,
			);
			name = Images;
			sourceTree = "<group>";
		};
		13CCE58318EC500800462A83 /* Fonts */ = {
			isa = PBXGroup;
			children = (
				CD52CC161931E82200BB7FB9 /* Roboto-Condensed.ttf */,
				13CCE58418EC501200462A83 /* Roboto-Medium.ttf */,
				CD601A66193613AE008946E9 /* Ubuntu-R.ttf */,
			);
			name = Fonts;
			sourceTree = "<group>";
		};
		13DF3AA219066CE80050C09E /* Basic */ = {
			isa = PBXGroup;
			children = (
				134D50BA18EAFE910066C117 /* BasicUIColor+UIPosition.h */,
			);
			name = Basic;
			sourceTree = "<group>";
		};
		13DF3AA319066CF70050C09E /* Main */ = {
			isa = PBXGroup;
			children = (
				CD4CE08B18E4678400916A4B /* MainScreenViewController.h */,
				CD4CE08C18E4678400916A4B /* MainScreenViewController.m */,
				CD4CE08D18E4678400916A4B /* MainScreenViewController.xib */,
			);
			name = Main;
			sourceTree = "<group>";
		};
		13DF3AA419066D2E0050C09E /* PersonalCenter */ = {
			isa = PBXGroup;
			children = (
				CD4CE09218E46EBA00916A4B /* PersonalViewController.h */,
				CD4CE09318E46EBA00916A4B /* PersonalViewController.m */,
			);
			name = PersonalCenter;
			sourceTree = "<group>";
		};
		13DF3AA519066D460050C09E /* Stats */ = {
			isa = PBXGroup;
			children = (
				CD4CE09718E46EC800916A4B /* StatsViewController.h */,
				CD4CE09818E46EC800916A4B /* StatsViewController.m */,
				CD4CE09918E46EC800916A4B /* StatsViewController.xib */,
			);
			name = Stats;
			sourceTree = "<group>";
		};
		13DF3AA619066D620050C09E /* CreateItem */ = {
			isa = PBXGroup;
			children = (
				CD4CE0A118E4700F00916A4B /* CreateItemViewController.h */,
				CD4CE0A218E4700F00916A4B /* CreateItemViewController.m */,
				CD4CE0A318E4700F00916A4B /* CreateItemViewController.xib */,
			);
			name = CreateItem;
			sourceTree = "<group>";
		};
		13F4CBB718F1C10E00D716AE /* category */ = {
			isa = PBXGroup;
			children = (
				13F4CBB818F1C12100D716AE /* UIView+Frame.h */,
				13F4CBB918F1C12100D716AE /* UIView+Frame.m */,
			);
			name = category;
			sourceTree = "<group>";
		};
		68BBE095190918F100F12101 /* StatsView */ = {
			isa = PBXGroup;
			children = (
				6831559C1909263C00C9A27C /* BEMLine.h */,
				6831559D1909263C00C9A27C /* BEMLine.m */,
				68BBE0AA19091EB300F12101 /* ZBStatsDataArray.h */,
				68BBE0AB19091EB300F12101 /* ZBStatsDataArray.m */,
				68BBE09E19091A7600F12101 /* ZBStatsItemData.h */,
				68BBE09F19091A7600F12101 /* ZBStatsItemData.m */,
				68BBE09919091A4600F12101 /* StatsItemTableViewCell.h */,
				68BBE09A19091A4600F12101 /* StatsItemTableViewCell.m */,
				68BBE09B19091A4600F12101 /* StatsItemTableViewCell.xib */,
				68BBE0961909193F00F12101 /* StatsLineGraphView.h */,
				68BBE0971909193F00F12101 /* StatsLineGraphView.m */,
				68BBE0A119091B9500F12101 /* StatsCircle.h */,
				68BBE0A219091B9500F12101 /* StatsCircle.m */,
				68BBE0A419091C6700F12101 /* StatsLine.h */,
				68BBE0A519091C6700F12101 /* StatsLine.m */,
				68BBE0A719091D5C00F12101 /* StatsAnimations.h */,
				68BBE0A819091D5C00F12101 /* StatsAnimations.m */,
				68AF964B19166E4B00CDF8D7 /* GraphTypeEnum.h */,
				68BBB20E1934EE2600FDC1A4 /* HorizontalScaleLineView.h */,
				68BBB20F1934EE2600FDC1A4 /* HorizontalScaleLineView.m */,
			);
			name = StatsView;
			sourceTree = "<group>";
		};
		CD4CE04A18E464D000916A4B = {
			isa = PBXGroup;
			children = (
				CD4CE05E18E464D000916A4B /* TimePie */,
				CD4CE07B18E464D000916A4B /* TimePieTests */,
				CD4CE05518E464D000916A4B /* Frameworks */,
				CD4CE05418E464D000916A4B /* Products */,
			);
			sourceTree = "<group>";
		};
		CD4CE05418E464D000916A4B /* Products */ = {
			isa = PBXGroup;
			children = (
				CD4CE05318E464D000916A4B /* TimePie.app */,
				CD4CE07318E464D000916A4B /* TimePieTests.xctest */,
			);
			name = Products;
			sourceTree = "<group>";
		};
		CD4CE05518E464D000916A4B /* Frameworks */ = {
			isa = PBXGroup;
			children = (
				CD4CE05618E464D000916A4B /* Foundation.framework */,
				CD4CE05818E464D000916A4B /* CoreGraphics.framework */,
				CD4CE05A18E464D000916A4B /* UIKit.framework */,
				CD4CE05C18E464D000916A4B /* CoreData.framework */,
				CD4CE07418E464D000916A4B /* XCTest.framework */,
			);
			name = Frameworks;
			sourceTree = "<group>";
		};
		CD4CE05E18E464D000916A4B /* TimePie */ = {
			isa = PBXGroup;
			children = (
				CD601A681939A10B008946E9 /* ThirdParty */,
				CD9CE6A41919D21F003C4CA6 /* Utilities */,
				132A702318EB027600AA675F /* Resource */,
				13F4CBB718F1C10E00D716AE /* category */,
				CD4CE09118E46A1400916A4B /* models */,
				13CCE57318EC2F8800462A83 /* views */,
				CD4CE09018E46A0100916A4B /* controllers */,
				CD4CE06718E464D000916A4B /* TimePieAppDelegate.h */,
				CD4CE06818E464D000916A4B /* TimePieAppDelegate.m */,
				CD4CE06D18E464D000916A4B /* Images.xcassets */,
				CD4CE05F18E464D000916A4B /* Supporting Files */,
			);
			path = TimePie;
			sourceTree = "<group>";
		};
		CD4CE05F18E464D000916A4B /* Supporting Files */ = {
			isa = PBXGroup;
			children = (
				CD4CE06018E464D000916A4B /* TimePie-Info.plist */,
				CD4CE06118E464D000916A4B /* InfoPlist.strings */,
				CD4CE06418E464D000916A4B /* main.m */,
				CD4CE06618E464D000916A4B /* TimePie-Prefix.pch */,
			);
			name = "Supporting Files";
			sourceTree = "<group>";
		};
		CD4CE07B18E464D000916A4B /* TimePieTests */ = {
			isa = PBXGroup;
			children = (
				CD4CE08118E464D000916A4B /* TimePieTests.m */,
				CD4CE07C18E464D000916A4B /* Supporting Files */,
			);
			path = TimePieTests;
			sourceTree = "<group>";
		};
		CD4CE07C18E464D000916A4B /* Supporting Files */ = {
			isa = PBXGroup;
			children = (
				CD4CE07D18E464D000916A4B /* TimePieTests-Info.plist */,
				CD4CE07E18E464D000916A4B /* InfoPlist.strings */,
			);
			name = "Supporting Files";
			sourceTree = "<group>";
		};
		CD4CE09018E46A0100916A4B /* controllers */ = {
			isa = PBXGroup;
			children = (
				134BDD7F191A8D820095DB10 /* Settings */,
				13DF3AA319066CF70050C09E /* Main */,
				13DF3AA619066D620050C09E /* CreateItem */,
				13DF3AA519066D460050C09E /* Stats */,
				13DF3AA419066D2E0050C09E /* PersonalCenter */,
			);
			name = controllers;
			sourceTree = "<group>";
		};
		CD4CE09118E46A1400916A4B /* models */ = {
			isa = PBXGroup;
			children = (
				13B930621928FF3E0035CACD /* BounceAnimation.h */,
				13B930631928FF3E0035CACD /* BounceAnimation.m */,
				CD8EE0F1190D242200F58797 /* TimingItem1.h */,
				CD8EE0F2190D242200F58797 /* TimingItem1.m */,
				CD52392119111298005EB55A /* TimingItemStore.h */,
				CD52392219111298005EB55A /* TimingItemStore.m */,
				CD5239B11911355B005EB55A /* CoreData */,
				13DF3AA219066CE80050C09E /* Basic */,
			);
			name = models;
			sourceTree = "<group>";
		};
		CD5239B11911355B005EB55A /* CoreData */ = {
			isa = PBXGroup;
			children = (
				CD4CE06A18E464D000916A4B /* TimePie.xcdatamodeld */,
				CD6F7DFC191A508800C962B7 /* Tag.h */,
				CD6F7DFD191A508800C962B7 /* Tag.m */,
				CD6F7DFF191A50F400C962B7 /* User.h */,
				CD6F7E00191A50F400C962B7 /* User.m */,
				CD601A5D1935F918008946E9 /* TimingItemEntity.h */,
				CD601A5E1935F918008946E9 /* TimingItemEntity.m */,
			);
			name = CoreData;
			sourceTree = "<group>";
		};
		CD601A681939A10B008946E9 /* ThirdParty */ = {
			isa = PBXGroup;
			children = (
				CD601A691939A118008946E9 /* libWeChatSDK.a */,
				CD601A6A1939A118008946E9 /* WXApi.h */,
				CD601A6B1939A118008946E9 /* WXApiObject.h */,
			);
			name = ThirdParty;
			sourceTree = "<group>";
		};
		CD8EE0F4190D245800F58797 /* MainView */ = {
			isa = PBXGroup;
			children = (
				CD8EE0F5190D246300F58797 /* XYPieChart.h */,
				CD8EE0F6190D246300F58797 /* XYPieChart.m */,
				CDC8858B1910FE1500A67510 /* TCell.xib */,
				CDC8858D1910FE3400A67510 /* TCell.h */,
				CDC8858E1910FE3400A67510 /* TCell.m */,
				CD5239B51911E178005EB55A /* MainScreenTableView.h */,
				CD5239B61911E178005EB55A /* MainScreenTableView.m */,
				CD45DB42192239460050A39F /* SelectView.h */,
				CD45DB43192239460050A39F /* SelectView.m */,
			);
			name = MainView;
			sourceTree = "<group>";
		};
		CD9CE6A41919D21F003C4CA6 /* Utilities */ = {
			isa = PBXGroup;
			children = (
				CD5239C11913691E005EB55A /* ColorThemes.h */,
				CD5239C21913691E005EB55A /* ColorThemes.m */,
				CD9CE6A51919D23E003C4CA6 /* DateHelper.h */,
				CD9CE6A61919D23E003C4CA6 /* DateHelper.m */,
				CD9CE6AB191A06D5003C4CA6 /* Output.h */,
				CD9CE6AC191A06D5003C4CA6 /* Output.m */,
				CD9CE6AE191A0729003C4CA6 /* GlobleConstants.h */,
				CD601A6D1939A1D2008946E9 /* WeiXinHelper.h */,
				CD601A6E1939A1D2008946E9 /* WeiXinHelper.m */,
			);
			name = Utilities;
			sourceTree = "<group>";
		};
/* End PBXGroup section */

/* Begin PBXNativeTarget section */
		CD4CE05218E464D000916A4B /* TimePie */ = {
			isa = PBXNativeTarget;
			buildConfigurationList = CD4CE08518E464D000916A4B /* Build configuration list for PBXNativeTarget "TimePie" */;
			buildPhases = (
				CD4CE04F18E464D000916A4B /* Sources */,
				CD4CE05018E464D000916A4B /* Frameworks */,
				CD4CE05118E464D000916A4B /* Resources */,
			);
			buildRules = (
			);
			dependencies = (
			);
			name = TimePie;
			productName = TimePie;
			productReference = CD4CE05318E464D000916A4B /* TimePie.app */;
			productType = "com.apple.product-type.application";
		};
		CD4CE07218E464D000916A4B /* TimePieTests */ = {
			isa = PBXNativeTarget;
			buildConfigurationList = CD4CE08818E464D000916A4B /* Build configuration list for PBXNativeTarget "TimePieTests" */;
			buildPhases = (
				CD4CE06F18E464D000916A4B /* Sources */,
				CD4CE07018E464D000916A4B /* Frameworks */,
				CD4CE07118E464D000916A4B /* Resources */,
			);
			buildRules = (
			);
			dependencies = (
				CD4CE07A18E464D000916A4B /* PBXTargetDependency */,
			);
			name = TimePieTests;
			productName = TimePieTests;
			productReference = CD4CE07318E464D000916A4B /* TimePieTests.xctest */;
			productType = "com.apple.product-type.bundle.unit-test";
		};
/* End PBXNativeTarget section */

/* Begin PBXProject section */
		CD4CE04B18E464D000916A4B /* Project object */ = {
			isa = PBXProject;
			attributes = {
				CLASSPREFIX = TimePie;
				LastUpgradeCheck = 0510;
				ORGANIZATIONNAME = TimePieOrg;
				TargetAttributes = {
					CD4CE07218E464D000916A4B = {
						TestTargetID = CD4CE05218E464D000916A4B;
					};
				};
			};
			buildConfigurationList = CD4CE04E18E464D000916A4B /* Build configuration list for PBXProject "TimePie" */;
			compatibilityVersion = "Xcode 3.2";
			developmentRegion = English;
			hasScannedForEncodings = 0;
			knownRegions = (
				en,
			);
			mainGroup = CD4CE04A18E464D000916A4B;
			productRefGroup = CD4CE05418E464D000916A4B /* Products */;
			projectDirPath = "";
			projectRoot = "";
			targets = (
				CD4CE05218E464D000916A4B /* TimePie */,
				CD4CE07218E464D000916A4B /* TimePieTests */,
			);
		};
/* End PBXProject section */

/* Begin PBXResourcesBuildPhase section */
		CD4CE05118E464D000916A4B /* Resources */ = {
			isa = PBXResourcesBuildPhase;
			buildActionMask = 2147483647;
			files = (
				CD601A67193613BE008946E9 /* Ubuntu-R.ttf in Resources */,
				6831559B1909201400C9A27C /* StatsView_itemCellBG@2x.png in Resources */,
				13CCE58518EC557700462A83 /* Roboto-Medium.ttf in Resources */,
				CDB36F191931E87D00E7BBCE /* Roboto-Condensed.ttf in Resources */,
				68BBB2121934F1E300FDC1A4 /* scaleLineBG@2x.png in Resources */,
				13CCE58018EC49E400462A83 /* PersonalView_Avg@2x.png in Resources */,
				13CCE58118EC49E400462A83 /* PersonalView_Total@2x.png in Resources */,
				CD52392019110D83005EB55A /* personalbtn@2x.png in Resources */,
				13CCE57A18EC469500462A83 /* PersonalViewAvgTimeCell.xib in Resources */,
				13CCE58A18EC5ABC00462A83 /* timeDistributeCell.xib in Resources */,
				CD601A651936131F008946E9 /* TimePie_Nav_Logo@2x.png in Resources */,
				688586ED190931AE0050D15D /* StatsBackButton@2x.png in Resources */,
				CD3E53C7191C94D7005A1416 /* History_btn@2x.png in Resources */,
				CD4CE06318E464D000916A4B /* InfoPlist.strings in Resources */,
				CDC8858C1910FE1500A67510 /* TCell.xib in Resources */,
				68BBE09D19091A4600F12101 /* StatsItemTableViewCell.xib in Resources */,
				13EA460E1939936000AF229E /* TimePie_RingBG2@2x.png in Resources */,
				CD4CE06E18E464D000916A4B /* Images.xcassets in Resources */,
				CD4CE09B18E46EC800916A4B /* StatsViewController.xib in Resources */,
				CD4CE0A518E4700F00916A4B /* CreateItemViewController.xib in Resources */,
				688586F11909368A0050D15D /* StatsNavShadow@2x.png in Resources */,
				13B5195118F2687B00D52DF4 /* PersonalViewEventTrackCell.xib in Resources */,
				132A702218EB026F00AA675F /* TimePie_Personal_Exit_Button@2x.png in Resources */,
				CD4CE08F18E4678400916A4B /* MainScreenViewController.xib in Resources */,
				CD3E53C6191C94D7005A1416 /* Cancel_btn@2x.png in Resources */,
				CDB36F1B1931EB9400E7BBCE /* TimePie_RingBG@2x.png in Resources */,
			);
			runOnlyForDeploymentPostprocessing = 0;
		};
		CD4CE07118E464D000916A4B /* Resources */ = {
			isa = PBXResourcesBuildPhase;
			buildActionMask = 2147483647;
			files = (
				CD4CE08018E464D000916A4B /* InfoPlist.strings in Resources */,
			);
			runOnlyForDeploymentPostprocessing = 0;
		};
/* End PBXResourcesBuildPhase section */

/* Begin PBXSourcesBuildPhase section */
		CD4CE04F18E464D000916A4B /* Sources */ = {
			isa = PBXSourcesBuildPhase;
			buildActionMask = 2147483647;
			files = (
				13CCE57918EC469500462A83 /* PersonalViewAvgTimeCell.m in Sources */,
				CD4CE0A418E4700F00916A4B /* CreateItemViewController.m in Sources */,
				CDC8858F1910FE3400A67510 /* TCell.m in Sources */,
				CD6F7E01191A50F400C962B7 /* User.m in Sources */,
				CD4CE06C18E464D000916A4B /* TimePie.xcdatamodeld in Sources */,
				CD601A6F1939A1D2008946E9 /* WeiXinHelper.m in Sources */,
				68BBE0981909193F00F12101 /* StatsLineGraphView.m in Sources */,
				68BBE0A019091A7600F12101 /* ZBStatsItemData.m in Sources */,
				134189891904111900DF2F41 /* SettingsViewController.m in Sources */,
				68BBE0A319091B9500F12101 /* StatsCircle.m in Sources */,
				CD5239B71911E178005EB55A /* MainScreenTableView.m in Sources */,
				CD45DB44192239460050A39F /* SelectView.m in Sources */,
				CD4CE08E18E4678400916A4B /* MainScreenViewController.m in Sources */,
				CD4CE09A18E46EC800916A4B /* StatsViewController.m in Sources */,
				1367C5B1191E3B67005BF8AA /* themeDetailView.m in Sources */,
				CD9CE6A71919D23E003C4CA6 /* DateHelper.m in Sources */,
				68BBE0AC19091EB300F12101 /* ZBStatsDataArray.m in Sources */,
				13F4CBB618F1BD4700D716AE /* tDCPieChart.m in Sources */,
				6831559E1909263C00C9A27C /* BEMLine.m in Sources */,
				68BBE0A919091D5C00F12101 /* StatsAnimations.m in Sources */,
				CD601A5F1935F918008946E9 /* TimingItemEntity.m in Sources */,
				13ACEB4D192105AB00DEEBB1 /* TrackItemViewController.m in Sources */,
				13ACEB4A1920F35200DEEBB1 /* RoutineItemViewController.m in Sources */,
				13CCE58918EC5ABC00462A83 /* timeDistributeCell.m in Sources */,
				CD8EE0F3190D242200F58797 /* TimingItem1.m in Sources */,
				13B930641928FF3E0035CACD /* BounceAnimation.m in Sources */,
				CD4CE06918E464D000916A4B /* TimePieAppDelegate.m in Sources */,
				1378213E19055B3800083168 /* PersonalViewPicker.m in Sources */,
				68BBE0A619091C6700F12101 /* StatsLine.m in Sources */,
				CD9CE6AD191A06D5003C4CA6 /* Output.m in Sources */,
				CD6F7DFE191A508800C962B7 /* Tag.m in Sources */,
				CD5239C31913691E005EB55A /* ColorThemes.m in Sources */,
				CD52392319111298005EB55A /* TimingItemStore.m in Sources */,
				1316DB07191BE13500E74E3C /* SettingsThemeViewController.m in Sources */,
				68BBB2101934EE2600FDC1A4 /* HorizontalScaleLineView.m in Sources */,
				CD8EE0F7190D246300F58797 /* XYPieChart.m in Sources */,
				CD4CE09518E46EBA00916A4B /* PersonalViewController.m in Sources */,
				13B5195018F2687B00D52DF4 /* PersonalViewEventTrackCell.m in Sources */,
				CD4CE06518E464D000916A4B /* main.m in Sources */,
				68BBE09C19091A4600F12101 /* StatsItemTableViewCell.m in Sources */,
				13F4CBBA18F1C12100D716AE /* UIView+Frame.m in Sources */,
				134275D218FC403300533378 /* eventTrackColumnGraph.m in Sources */,
				134BDD83191A8DC30095DB10 /* themeView.m in Sources */,
			);
			runOnlyForDeploymentPostprocessing = 0;
		};
		CD4CE06F18E464D000916A4B /* Sources */ = {
			isa = PBXSourcesBuildPhase;
			buildActionMask = 2147483647;
			files = (
				CD4CE08218E464D000916A4B /* TimePieTests.m in Sources */,
			);
			runOnlyForDeploymentPostprocessing = 0;
		};
/* End PBXSourcesBuildPhase section */

/* Begin PBXTargetDependency section */
		CD4CE07A18E464D000916A4B /* PBXTargetDependency */ = {
			isa = PBXTargetDependency;
			target = CD4CE05218E464D000916A4B /* TimePie */;
			targetProxy = CD4CE07918E464D000916A4B /* PBXContainerItemProxy */;
		};
/* End PBXTargetDependency section */

/* Begin PBXVariantGroup section */
		CD4CE06118E464D000916A4B /* InfoPlist.strings */ = {
			isa = PBXVariantGroup;
			children = (
				CD4CE06218E464D000916A4B /* en */,
			);
			name = InfoPlist.strings;
			sourceTree = "<group>";
		};
		CD4CE07E18E464D000916A4B /* InfoPlist.strings */ = {
			isa = PBXVariantGroup;
			children = (
				CD4CE07F18E464D000916A4B /* en */,
			);
			name = InfoPlist.strings;
			sourceTree = "<group>";
		};
/* End PBXVariantGroup section */

/* Begin XCBuildConfiguration section */
		CD4CE08318E464D000916A4B /* Debug */ = {
			isa = XCBuildConfiguration;
			buildSettings = {
				ALWAYS_SEARCH_USER_PATHS = NO;
				CLANG_CXX_LANGUAGE_STANDARD = "gnu++0x";
				CLANG_CXX_LIBRARY = "libc++";
				CLANG_ENABLE_MODULES = YES;
				CLANG_ENABLE_OBJC_ARC = YES;
				CLANG_WARN_BOOL_CONVERSION = YES;
				CLANG_WARN_CONSTANT_CONVERSION = YES;
				CLANG_WARN_DIRECT_OBJC_ISA_USAGE = YES_ERROR;
				CLANG_WARN_EMPTY_BODY = YES;
				CLANG_WARN_ENUM_CONVERSION = YES;
				CLANG_WARN_INT_CONVERSION = YES;
				CLANG_WARN_OBJC_ROOT_CLASS = YES_ERROR;
				CLANG_WARN__DUPLICATE_METHOD_MATCH = YES;
				"CODE_SIGN_IDENTITY[sdk=iphoneos*]" = "iPhone Developer";
				COPY_PHASE_STRIP = NO;
				GCC_C_LANGUAGE_STANDARD = gnu99;
				GCC_DYNAMIC_NO_PIC = NO;
				GCC_OPTIMIZATION_LEVEL = 0;
				GCC_PREPROCESSOR_DEFINITIONS = (
					"DEBUG=1",
					"$(inherited)",
				);
				GCC_SYMBOLS_PRIVATE_EXTERN = NO;
				GCC_WARN_64_TO_32_BIT_CONVERSION = YES;
				GCC_WARN_ABOUT_RETURN_TYPE = YES_ERROR;
				GCC_WARN_UNDECLARED_SELECTOR = YES;
				GCC_WARN_UNINITIALIZED_AUTOS = YES_AGGRESSIVE;
				GCC_WARN_UNUSED_FUNCTION = YES;
				GCC_WARN_UNUSED_VARIABLE = YES;
				IPHONEOS_DEPLOYMENT_TARGET = 7.1;
				ONLY_ACTIVE_ARCH = YES;
				SDKROOT = iphoneos;
			};
			name = Debug;
		};
		CD4CE08418E464D000916A4B /* Release */ = {
			isa = XCBuildConfiguration;
			buildSettings = {
				ALWAYS_SEARCH_USER_PATHS = NO;
				CLANG_CXX_LANGUAGE_STANDARD = "gnu++0x";
				CLANG_CXX_LIBRARY = "libc++";
				CLANG_ENABLE_MODULES = YES;
				CLANG_ENABLE_OBJC_ARC = YES;
				CLANG_WARN_BOOL_CONVERSION = YES;
				CLANG_WARN_CONSTANT_CONVERSION = YES;
				CLANG_WARN_DIRECT_OBJC_ISA_USAGE = YES_ERROR;
				CLANG_WARN_EMPTY_BODY = YES;
				CLANG_WARN_ENUM_CONVERSION = YES;
				CLANG_WARN_INT_CONVERSION = YES;
				CLANG_WARN_OBJC_ROOT_CLASS = YES_ERROR;
				CLANG_WARN__DUPLICATE_METHOD_MATCH = YES;
				"CODE_SIGN_IDENTITY[sdk=iphoneos*]" = "iPhone Developer";
				COPY_PHASE_STRIP = YES;
				ENABLE_NS_ASSERTIONS = NO;
				GCC_C_LANGUAGE_STANDARD = gnu99;
				GCC_WARN_64_TO_32_BIT_CONVERSION = YES;
				GCC_WARN_ABOUT_RETURN_TYPE = YES_ERROR;
				GCC_WARN_UNDECLARED_SELECTOR = YES;
				GCC_WARN_UNINITIALIZED_AUTOS = YES_AGGRESSIVE;
				GCC_WARN_UNUSED_FUNCTION = YES;
				GCC_WARN_UNUSED_VARIABLE = YES;
				IPHONEOS_DEPLOYMENT_TARGET = 7.1;
				SDKROOT = iphoneos;
				VALIDATE_PRODUCT = YES;
			};
			name = Release;
		};
		CD4CE08618E464D000916A4B /* Debug */ = {
			isa = XCBuildConfiguration;
			buildSettings = {
				ASSETCATALOG_COMPILER_APPICON_NAME = AppIcon;
				ASSETCATALOG_COMPILER_LAUNCHIMAGE_NAME = LaunchImage;
				GCC_PRECOMPILE_PREFIX_HEADER = YES;
				GCC_PREFIX_HEADER = "TimePie/TimePie-Prefix.pch";
				INFOPLIST_FILE = "TimePie/TimePie-Info.plist";
				LIBRARY_SEARCH_PATHS = (
					"$(inherited)",
					"$(PROJECT_DIR)/TimePie",
				);
				PRODUCT_NAME = "$(TARGET_NAME)";
				WRAPPER_EXTENSION = app;
			};
			name = Debug;
		};
		CD4CE08718E464D000916A4B /* Release */ = {
			isa = XCBuildConfiguration;
			buildSettings = {
				ASSETCATALOG_COMPILER_APPICON_NAME = AppIcon;
				ASSETCATALOG_COMPILER_LAUNCHIMAGE_NAME = LaunchImage;
				GCC_PRECOMPILE_PREFIX_HEADER = YES;
				GCC_PREFIX_HEADER = "TimePie/TimePie-Prefix.pch";
				INFOPLIST_FILE = "TimePie/TimePie-Info.plist";
				LIBRARY_SEARCH_PATHS = (
					"$(inherited)",
					"$(PROJECT_DIR)/TimePie",
				);
				PRODUCT_NAME = "$(TARGET_NAME)";
				WRAPPER_EXTENSION = app;
			};
			name = Release;
		};
		CD4CE08918E464D000916A4B /* Debug */ = {
			isa = XCBuildConfiguration;
			buildSettings = {
				BUNDLE_LOADER = "$(BUILT_PRODUCTS_DIR)/TimePie.app/TimePie";
				FRAMEWORK_SEARCH_PATHS = (
					"$(SDKROOT)/Developer/Library/Frameworks",
					"$(inherited)",
					"$(DEVELOPER_FRAMEWORKS_DIR)",
				);
				GCC_PRECOMPILE_PREFIX_HEADER = YES;
				GCC_PREFIX_HEADER = "TimePie/TimePie-Prefix.pch";
				GCC_PREPROCESSOR_DEFINITIONS = (
					"DEBUG=1",
					"$(inherited)",
				);
				INFOPLIST_FILE = "TimePieTests/TimePieTests-Info.plist";
				PRODUCT_NAME = "$(TARGET_NAME)";
				TEST_HOST = "$(BUNDLE_LOADER)";
				WRAPPER_EXTENSION = xctest;
			};
			name = Debug;
		};
		CD4CE08A18E464D000916A4B /* Release */ = {
			isa = XCBuildConfiguration;
			buildSettings = {
				BUNDLE_LOADER = "$(BUILT_PRODUCTS_DIR)/TimePie.app/TimePie";
				FRAMEWORK_SEARCH_PATHS = (
					"$(SDKROOT)/Developer/Library/Frameworks",
					"$(inherited)",
					"$(DEVELOPER_FRAMEWORKS_DIR)",
				);
				GCC_PRECOMPILE_PREFIX_HEADER = YES;
				GCC_PREFIX_HEADER = "TimePie/TimePie-Prefix.pch";
				INFOPLIST_FILE = "TimePieTests/TimePieTests-Info.plist";
				PRODUCT_NAME = "$(TARGET_NAME)";
				TEST_HOST = "$(BUNDLE_LOADER)";
				WRAPPER_EXTENSION = xctest;
			};
			name = Release;
		};
/* End XCBuildConfiguration section */

/* Begin XCConfigurationList section */
		CD4CE04E18E464D000916A4B /* Build configuration list for PBXProject "TimePie" */ = {
			isa = XCConfigurationList;
			buildConfigurations = (
				CD4CE08318E464D000916A4B /* Debug */,
				CD4CE08418E464D000916A4B /* Release */,
			);
			defaultConfigurationIsVisible = 0;
			defaultConfigurationName = Release;
		};
		CD4CE08518E464D000916A4B /* Build configuration list for PBXNativeTarget "TimePie" */ = {
			isa = XCConfigurationList;
			buildConfigurations = (
				CD4CE08618E464D000916A4B /* Debug */,
				CD4CE08718E464D000916A4B /* Release */,
			);
			defaultConfigurationIsVisible = 0;
			defaultConfigurationName = Release;
		};
		CD4CE08818E464D000916A4B /* Build configuration list for PBXNativeTarget "TimePieTests" */ = {
			isa = XCConfigurationList;
			buildConfigurations = (
				CD4CE08918E464D000916A4B /* Debug */,
				CD4CE08A18E464D000916A4B /* Release */,
			);
			defaultConfigurationIsVisible = 0;
			defaultConfigurationName = Release;
		};
/* End XCConfigurationList section */

/* Begin XCVersionGroup section */
		CD4CE06A18E464D000916A4B /* TimePie.xcdatamodeld */ = {
			isa = XCVersionGroup;
			children = (
				CD4CE06B18E464D000916A4B /* TimePie.xcdatamodel */,
			);
			currentVersion = CD4CE06B18E464D000916A4B /* TimePie.xcdatamodel */;
			path = TimePie.xcdatamodeld;
			sourceTree = "<group>";
			versionGroupType = wrapper.xcdatamodel;
		};
/* End XCVersionGroup section */
	};
	rootObject = CD4CE04B18E464D000916A4B /* Project object */;
}
