// !$*UTF8*$!
{
	archiveVersion = 1;
	classes = {
	};
	objectVersion = 46;
	objects = {

/* Begin PBXBuildFile section */
		CD01ED48187EF1B100EB741E /* Foundation.framework in Frameworks */ = {isa = PBXBuildFile; fileRef = CD01ED47187EF1B100EB741E /* Foundation.framework */; };
		CD01ED4A187EF1B100EB741E /* CoreGraphics.framework in Frameworks */ = {isa = PBXBuildFile; fileRef = CD01ED49187EF1B100EB741E /* CoreGraphics.framework */; };
		CD01ED4C187EF1B200EB741E /* UIKit.framework in Frameworks */ = {isa = PBXBuildFile; fileRef = CD01ED4B187EF1B200EB741E /* UIKit.framework */; };
		CD01ED52187EF1B200EB741E /* InfoPlist.strings in Resources */ = {isa = PBXBuildFile; fileRef = CD01ED50187EF1B200EB741E /* InfoPlist.strings */; };
		CD01ED54187EF1B200EB741E /* main.m in Sources */ = {isa = PBXBuildFile; fileRef = CD01ED53187EF1B200EB741E /* main.m */; };
		CD01ED58187EF1B200EB741E /* TimePieAppDelegate.m in Sources */ = {isa = PBXBuildFile; fileRef = CD01ED57187EF1B200EB741E /* TimePieAppDelegate.m */; };
		CD01ED5A187EF1B200EB741E /* Images.xcassets in Resources */ = {isa = PBXBuildFile; fileRef = CD01ED59187EF1B200EB741E /* Images.xcassets */; };
		CD01ED61187EF1B200EB741E /* XCTest.framework in Frameworks */ = {isa = PBXBuildFile; fileRef = CD01ED60187EF1B200EB741E /* XCTest.framework */; };
		CD01ED62187EF1B200EB741E /* Foundation.framework in Frameworks */ = {isa = PBXBuildFile; fileRef = CD01ED47187EF1B100EB741E /* Foundation.framework */; };
		CD01ED63187EF1B200EB741E /* UIKit.framework in Frameworks */ = {isa = PBXBuildFile; fileRef = CD01ED4B187EF1B200EB741E /* UIKit.framework */; };
		CD01ED6B187EF1B200EB741E /* InfoPlist.strings in Resources */ = {isa = PBXBuildFile; fileRef = CD01ED69187EF1B200EB741E /* InfoPlist.strings */; };
		CD01ED6D187EF1B200EB741E /* TimePieTests.m in Sources */ = {isa = PBXBuildFile; fileRef = CD01ED6C187EF1B200EB741E /* TimePieTests.m */; };
		CD01ED80187EF2DA00EB741E /* TPMainViewController.m in Sources */ = {isa = PBXBuildFile; fileRef = CD01ED7F187EF2DA00EB741E /* TPMainViewController.m */; };
		CD01ED83187EF58C00EB741E /* TimingItem.m in Sources */ = {isa = PBXBuildFile; fileRef = CD01ED82187EF58C00EB741E /* TimingItem.m */; };
		CD01ED86187EF75100EB741E /* TimeItemBucket.m in Sources */ = {isa = PBXBuildFile; fileRef = CD01ED85187EF75100EB741E /* TimeItemBucket.m */; };
		CD01ED8A187FD29300EB741E /* DetailViewController.m in Sources */ = {isa = PBXBuildFile; fileRef = CD01ED88187FD29300EB741E /* DetailViewController.m */; };
		CD01ED8B187FD29300EB741E /* DetailViewController.xib in Resources */ = {isa = PBXBuildFile; fileRef = CD01ED89187FD29300EB741E /* DetailViewController.xib */; };
		CD01ED8F187FF8B400EB741E /* XYPieChart.m in Sources */ = {isa = PBXBuildFile; fileRef = CD01ED8E187FF8B400EB741E /* XYPieChart.m */; };
		CD01ED93187FF8F300EB741E /* TryPicChartViewController.m in Sources */ = {isa = PBXBuildFile; fileRef = CD01ED91187FF8F300EB741E /* TryPicChartViewController.m */; };
		CD01ED94187FF8F300EB741E /* TryPicChartViewController.xib in Resources */ = {isa = PBXBuildFile; fileRef = CD01ED92187FF8F300EB741E /* TryPicChartViewController.xib */; };
		CD01ED96187FF92300EB741E /* QuartzCore.framework in Frameworks */ = {isa = PBXBuildFile; fileRef = CD01ED95187FF92300EB741E /* QuartzCore.framework */; };
		CD01ED98188016FF00EB741E /* PieView.xib in Resources */ = {isa = PBXBuildFile; fileRef = CD01ED97188016FF00EB741E /* PieView.xib */; };
		CD01EE40188188F400EB741E /* InfColorBarPicker.m in Sources */ = {isa = PBXBuildFile; fileRef = CD01EE31188188F400EB741E /* InfColorBarPicker.m */; };
		CD01EE41188188F400EB741E /* InfColorIndicatorView.m in Sources */ = {isa = PBXBuildFile; fileRef = CD01EE33188188F400EB741E /* InfColorIndicatorView.m */; };
		CD01EE42188188F400EB741E /* InfColorPickerController.m in Sources */ = {isa = PBXBuildFile; fileRef = CD01EE36188188F400EB741E /* InfColorPickerController.m */; };
		CD01EE43188188F400EB741E /* InfColorPickerNavigationController.m in Sources */ = {isa = PBXBuildFile; fileRef = CD01EE38188188F400EB741E /* InfColorPickerNavigationController.m */; };
		CD01EE44188188F400EB741E /* InfColorPickerView.xib in Resources */ = {isa = PBXBuildFile; fileRef = CD01EE39188188F400EB741E /* InfColorPickerView.xib */; };
		CD01EE45188188F400EB741E /* InfColorSquarePicker.m in Sources */ = {isa = PBXBuildFile; fileRef = CD01EE3B188188F400EB741E /* InfColorSquarePicker.m */; };
		CD01EE46188188F400EB741E /* InfHSBSupport.m in Sources */ = {isa = PBXBuildFile; fileRef = CD01EE3D188188F400EB741E /* InfHSBSupport.m */; };
		CD01EE47188188F400EB741E /* InfSourceColorView.m in Sources */ = {isa = PBXBuildFile; fileRef = CD01EE3F188188F400EB741E /* InfSourceColorView.m */; };
		CD01EE4E1881AA0400EB741E /* TimePieLaunchScrn4s.png in Resources */ = {isa = PBXBuildFile; fileRef = CD01EE4D1881AA0400EB741E /* TimePieLaunchScrn4s.png */; };
		CD01EE961882648E00EB741E /* TimePieTableCell.m in Sources */ = {isa = PBXBuildFile; fileRef = CD01EE951882648E00EB741E /* TimePieTableCell.m */; };
		CD01EE98188264C000EB741E /* TableCell.xib in Resources */ = {isa = PBXBuildFile; fileRef = CD01EE97188264C000EB741E /* TableCell.xib */; };
		CD01EE9A1882B17D00EB741E /* blue.png in Resources */ = {isa = PBXBuildFile; fileRef = CD01EE991882B17D00EB741E /* blue.png */; };
		CDCD44F418853B86006093A0 /* HeaderConf.xib in Resources */ = {isa = PBXBuildFile; fileRef = CDCD44F318853B86006093A0 /* HeaderConf.xib */; };
		CDCD44F618853C6B006093A0 /* timeP100.png in Resources */ = {isa = PBXBuildFile; fileRef = CDCD44F518853C6B006093A0 /* timeP100.png */; };
		CDCD44FA18853ECC006093A0 /* HeaderConf.m in Sources */ = {isa = PBXBuildFile; fileRef = CDCD44F918853ECC006093A0 /* HeaderConf.m */; };
		CDCD44FC188544C4006093A0 /* clock48.png in Resources */ = {isa = PBXBuildFile; fileRef = CDCD44FB188544C4006093A0 /* clock48.png */; };
		CDCD44FE188544ED006093A0 /* clock32.png in Resources */ = {isa = PBXBuildFile; fileRef = CDCD44FD188544ED006093A0 /* clock32.png */; };
/* End PBXBuildFile section */

/* Begin PBXContainerItemProxy section */
		CD01ED64187EF1B200EB741E /* PBXContainerItemProxy */ = {
			isa = PBXContainerItemProxy;
			containerPortal = CD01ED3C187EF1B100EB741E /* Project object */;
			proxyType = 1;
			remoteGlobalIDString = CD01ED43187EF1B100EB741E;
			remoteInfo = TimePie;
		};
/* End PBXContainerItemProxy section */

/* Begin PBXFileReference section */
		CD01ED44187EF1B100EB741E /* TimePie.app */ = {isa = PBXFileReference; explicitFileType = wrapper.application; includeInIndex = 0; path = TimePie.app; sourceTree = BUILT_PRODUCTS_DIR; };
		CD01ED47187EF1B100EB741E /* Foundation.framework */ = {isa = PBXFileReference; lastKnownFileType = wrapper.framework; name = Foundation.framework; path = System/Library/Frameworks/Foundation.framework; sourceTree = SDKROOT; };
		CD01ED49187EF1B100EB741E /* CoreGraphics.framework */ = {isa = PBXFileReference; lastKnownFileType = wrapper.framework; name = CoreGraphics.framework; path = System/Library/Frameworks/CoreGraphics.framework; sourceTree = SDKROOT; };
		CD01ED4B187EF1B200EB741E /* UIKit.framework */ = {isa = PBXFileReference; lastKnownFileType = wrapper.framework; name = UIKit.framework; path = System/Library/Frameworks/UIKit.framework; sourceTree = SDKROOT; };
		CD01ED4F187EF1B200EB741E /* TimePie-Info.plist */ = {isa = PBXFileReference; lastKnownFileType = text.plist.xml; path = "TimePie-Info.plist"; sourceTree = "<group>"; };
		CD01ED51187EF1B200EB741E /* en */ = {isa = PBXFileReference; lastKnownFileType = text.plist.strings; name = en; path = en.lproj/InfoPlist.strings; sourceTree = "<group>"; };
		CD01ED53187EF1B200EB741E /* main.m */ = {isa = PBXFileReference; lastKnownFileType = sourcecode.c.objc; path = main.m; sourceTree = "<group>"; };
		CD01ED55187EF1B200EB741E /* TimePie-Prefix.pch */ = {isa = PBXFileReference; lastKnownFileType = sourcecode.c.h; path = "TimePie-Prefix.pch"; sourceTree = "<group>"; };
		CD01ED56187EF1B200EB741E /* TimePieAppDelegate.h */ = {isa = PBXFileReference; lastKnownFileType = sourcecode.c.h; path = TimePieAppDelegate.h; sourceTree = "<group>"; };
		CD01ED57187EF1B200EB741E /* TimePieAppDelegate.m */ = {isa = PBXFileReference; lastKnownFileType = sourcecode.c.objc; path = TimePieAppDelegate.m; sourceTree = "<group>"; };
		CD01ED59187EF1B200EB741E /* Images.xcassets */ = {isa = PBXFileReference; lastKnownFileType = folder.assetcatalog; path = Images.xcassets; sourceTree = "<group>"; };
		CD01ED5F187EF1B200EB741E /* TimePieTests.xctest */ = {isa = PBXFileReference; explicitFileType = wrapper.cfbundle; includeInIndex = 0; path = TimePieTests.xctest; sourceTree = BUILT_PRODUCTS_DIR; };
		CD01ED60187EF1B200EB741E /* XCTest.framework */ = {isa = PBXFileReference; lastKnownFileType = wrapper.framework; name = XCTest.framework; path = Library/Frameworks/XCTest.framework; sourceTree = DEVELOPER_DIR; };
		CD01ED68187EF1B200EB741E /* TimePieTests-Info.plist */ = {isa = PBXFileReference; lastKnownFileType = text.plist.xml; path = "TimePieTests-Info.plist"; sourceTree = "<group>"; };
		CD01ED6A187EF1B200EB741E /* en */ = {isa = PBXFileReference; lastKnownFileType = text.plist.strings; name = en; path = en.lproj/InfoPlist.strings; sourceTree = "<group>"; };
		CD01ED6C187EF1B200EB741E /* TimePieTests.m */ = {isa = PBXFileReference; lastKnownFileType = sourcecode.c.objc; path = TimePieTests.m; sourceTree = "<group>"; };
		CD01ED7E187EF2DA00EB741E /* TPMainViewController.h */ = {isa = PBXFileReference; fileEncoding = 4; lastKnownFileType = sourcecode.c.h; path = TPMainViewController.h; sourceTree = "<group>"; };
		CD01ED7F187EF2DA00EB741E /* TPMainViewController.m */ = {isa = PBXFileReference; fileEncoding = 4; lastKnownFileType = sourcecode.c.objc; path = TPMainViewController.m; sourceTree = "<group>"; };
		CD01ED81187EF58C00EB741E /* TimingItem.h */ = {isa = PBXFileReference; fileEncoding = 4; lastKnownFileType = sourcecode.c.h; path = TimingItem.h; sourceTree = "<group>"; };
		CD01ED82187EF58C00EB741E /* TimingItem.m */ = {isa = PBXFileReference; fileEncoding = 4; lastKnownFileType = sourcecode.c.objc; path = TimingItem.m; sourceTree = "<group>"; };
		CD01ED84187EF75100EB741E /* TimeItemBucket.h */ = {isa = PBXFileReference; fileEncoding = 4; lastKnownFileType = sourcecode.c.h; path = TimeItemBucket.h; sourceTree = "<group>"; };
		CD01ED85187EF75100EB741E /* TimeItemBucket.m */ = {isa = PBXFileReference; fileEncoding = 4; lastKnownFileType = sourcecode.c.objc; path = TimeItemBucket.m; sourceTree = "<group>"; };
		CD01ED87187FD29300EB741E /* DetailViewController.h */ = {isa = PBXFileReference; fileEncoding = 4; lastKnownFileType = sourcecode.c.h; path = DetailViewController.h; sourceTree = "<group>"; };
		CD01ED88187FD29300EB741E /* DetailViewController.m */ = {isa = PBXFileReference; fileEncoding = 4; lastKnownFileType = sourcecode.c.objc; path = DetailViewController.m; sourceTree = "<group>"; };
		CD01ED89187FD29300EB741E /* DetailViewController.xib */ = {isa = PBXFileReference; fileEncoding = 4; lastKnownFileType = file.xib; path = DetailViewController.xib; sourceTree = "<group>"; };
		CD01ED8D187FF8B300EB741E /* XYPieChart.h */ = {isa = PBXFileReference; fileEncoding = 4; lastKnownFileType = sourcecode.c.h; path = XYPieChart.h; sourceTree = "<group>"; };
		CD01ED8E187FF8B400EB741E /* XYPieChart.m */ = {isa = PBXFileReference; fileEncoding = 4; lastKnownFileType = sourcecode.c.objc; path = XYPieChart.m; sourceTree = "<group>"; };
		CD01ED90187FF8F300EB741E /* TryPicChartViewController.h */ = {isa = PBXFileReference; fileEncoding = 4; lastKnownFileType = sourcecode.c.h; path = TryPicChartViewController.h; sourceTree = "<group>"; };
		CD01ED91187FF8F300EB741E /* TryPicChartViewController.m */ = {isa = PBXFileReference; fileEncoding = 4; lastKnownFileType = sourcecode.c.objc; path = TryPicChartViewController.m; sourceTree = "<group>"; };
		CD01ED92187FF8F300EB741E /* TryPicChartViewController.xib */ = {isa = PBXFileReference; fileEncoding = 4; lastKnownFileType = file.xib; path = TryPicChartViewController.xib; sourceTree = "<group>"; };
		CD01ED95187FF92300EB741E /* QuartzCore.framework */ = {isa = PBXFileReference; lastKnownFileType = wrapper.framework; name = QuartzCore.framework; path = System/Library/Frameworks/QuartzCore.framework; sourceTree = SDKROOT; };
		CD01ED97188016FF00EB741E /* PieView.xib */ = {isa = PBXFileReference; fileEncoding = 4; lastKnownFileType = file.xib; path = PieView.xib; sourceTree = "<group>"; };
		CD01EE30188188F400EB741E /* InfColorBarPicker.h */ = {isa = PBXFileReference; fileEncoding = 4; lastKnownFileType = sourcecode.c.h; path = InfColorBarPicker.h; sourceTree = "<group>"; };
		CD01EE31188188F400EB741E /* InfColorBarPicker.m */ = {isa = PBXFileReference; fileEncoding = 4; lastKnownFileType = sourcecode.c.objc; path = InfColorBarPicker.m; sourceTree = "<group>"; };
		CD01EE32188188F400EB741E /* InfColorIndicatorView.h */ = {isa = PBXFileReference; fileEncoding = 4; lastKnownFileType = sourcecode.c.h; path = InfColorIndicatorView.h; sourceTree = "<group>"; };
		CD01EE33188188F400EB741E /* InfColorIndicatorView.m */ = {isa = PBXFileReference; fileEncoding = 4; lastKnownFileType = sourcecode.c.objc; path = InfColorIndicatorView.m; sourceTree = "<group>"; };
		CD01EE34188188F400EB741E /* InfColorPicker.h */ = {isa = PBXFileReference; fileEncoding = 4; lastKnownFileType = sourcecode.c.h; path = InfColorPicker.h; sourceTree = "<group>"; };
		CD01EE35188188F400EB741E /* InfColorPickerController.h */ = {isa = PBXFileReference; fileEncoding = 4; lastKnownFileType = sourcecode.c.h; path = InfColorPickerController.h; sourceTree = "<group>"; };
		CD01EE36188188F400EB741E /* InfColorPickerController.m */ = {isa = PBXFileReference; fileEncoding = 4; lastKnownFileType = sourcecode.c.objc; path = InfColorPickerController.m; sourceTree = "<group>"; };
		CD01EE37188188F400EB741E /* InfColorPickerNavigationController.h */ = {isa = PBXFileReference; fileEncoding = 4; lastKnownFileType = sourcecode.c.h; path = InfColorPickerNavigationController.h; sourceTree = "<group>"; };
		CD01EE38188188F400EB741E /* InfColorPickerNavigationController.m */ = {isa = PBXFileReference; fileEncoding = 4; lastKnownFileType = sourcecode.c.objc; path = InfColorPickerNavigationController.m; sourceTree = "<group>"; };
		CD01EE39188188F400EB741E /* InfColorPickerView.xib */ = {isa = PBXFileReference; fileEncoding = 4; lastKnownFileType = file.xib; path = InfColorPickerView.xib; sourceTree = "<group>"; };
		CD01EE3A188188F400EB741E /* InfColorSquarePicker.h */ = {isa = PBXFileReference; fileEncoding = 4; lastKnownFileType = sourcecode.c.h; path = InfColorSquarePicker.h; sourceTree = "<group>"; };
		CD01EE3B188188F400EB741E /* InfColorSquarePicker.m */ = {isa = PBXFileReference; fileEncoding = 4; lastKnownFileType = sourcecode.c.objc; path = InfColorSquarePicker.m; sourceTree = "<group>"; };
		CD01EE3C188188F400EB741E /* InfHSBSupport.h */ = {isa = PBXFileReference; fileEncoding = 4; lastKnownFileType = sourcecode.c.h; path = InfHSBSupport.h; sourceTree = "<group>"; };
		CD01EE3D188188F400EB741E /* InfHSBSupport.m */ = {isa = PBXFileReference; fileEncoding = 4; lastKnownFileType = sourcecode.c.objc; path = InfHSBSupport.m; sourceTree = "<group>"; };
		CD01EE3E188188F400EB741E /* InfSourceColorView.h */ = {isa = PBXFileReference; fileEncoding = 4; lastKnownFileType = sourcecode.c.h; path = InfSourceColorView.h; sourceTree = "<group>"; };
		CD01EE3F188188F400EB741E /* InfSourceColorView.m */ = {isa = PBXFileReference; fileEncoding = 4; lastKnownFileType = sourcecode.c.objc; path = InfSourceColorView.m; sourceTree = "<group>"; };
		CD01EE4C1881A82100EB741E /* TimePieLaunchScrn.png */ = {isa = PBXFileReference; lastKnownFileType = image.png; path = TimePieLaunchScrn.png; sourceTree = "<group>"; };
		CD01EE4D1881AA0400EB741E /* TimePieLaunchScrn4s.png */ = {isa = PBXFileReference; lastKnownFileType = image.png; path = TimePieLaunchScrn4s.png; sourceTree = "<group>"; };
		CD01EE4F1881ACED00EB741E /* TimePieIcon120.png */ = {isa = PBXFileReference; lastKnownFileType = image.png; path = TimePieIcon120.png; sourceTree = "<group>"; };
		CD01EE501881ACF600EB741E /* TimePieIcon80.png */ = {isa = PBXFileReference; lastKnownFileType = image.png; path = TimePieIcon80.png; sourceTree = "<group>"; };
		CD01EE511881ACFF00EB741E /* TimePieIcon58.png */ = {isa = PBXFileReference; lastKnownFileType = image.png; path = TimePieIcon58.png; sourceTree = "<group>"; };
		CD01EE941882648E00EB741E /* TimePieTableCell.h */ = {isa = PBXFileReference; fileEncoding = 4; lastKnownFileType = sourcecode.c.h; path = TimePieTableCell.h; sourceTree = "<group>"; };
		CD01EE951882648E00EB741E /* TimePieTableCell.m */ = {isa = PBXFileReference; fileEncoding = 4; lastKnownFileType = sourcecode.c.objc; path = TimePieTableCell.m; sourceTree = "<group>"; };
		CD01EE97188264C000EB741E /* TableCell.xib */ = {isa = PBXFileReference; fileEncoding = 4; lastKnownFileType = file.xib; path = TableCell.xib; sourceTree = "<group>"; };
		CD01EE991882B17D00EB741E /* blue.png */ = {isa = PBXFileReference; lastKnownFileType = image.png; name = blue.png; path = ../../../Desktop/blue.png; sourceTree = "<group>"; };
		CDCD44F318853B86006093A0 /* HeaderConf.xib */ = {isa = PBXFileReference; fileEncoding = 4; lastKnownFileType = file.xib; path = HeaderConf.xib; sourceTree = "<group>"; };
		CDCD44F518853C6B006093A0 /* timeP100.png */ = {isa = PBXFileReference; lastKnownFileType = image.png; path = timeP100.png; sourceTree = "<group>"; };
		CDCD44F818853ECC006093A0 /* HeaderConf.h */ = {isa = PBXFileReference; fileEncoding = 4; lastKnownFileType = sourcecode.c.h; name = HeaderConf.h; path = TimePie/HeaderConf.h; sourceTree = "<group>"; };
		CDCD44F918853ECC006093A0 /* HeaderConf.m */ = {isa = PBXFileReference; fileEncoding = 4; lastKnownFileType = sourcecode.c.objc; name = HeaderConf.m; path = TimePie/HeaderConf.m; sourceTree = "<group>"; };
		CDCD44FB188544C4006093A0 /* clock48.png */ = {isa = PBXFileReference; lastKnownFileType = image.png; path = clock48.png; sourceTree = "<group>"; };
		CDCD44FD188544ED006093A0 /* clock32.png */ = {isa = PBXFileReference; lastKnownFileType = image.png; path = clock32.png; sourceTree = "<group>"; };
/* End PBXFileReference section */

/* Begin PBXFrameworksBuildPhase section */
		CD01ED41187EF1B100EB741E /* Frameworks */ = {
			isa = PBXFrameworksBuildPhase;
			buildActionMask = 2147483647;
			files = (
				CD01ED96187FF92300EB741E /* QuartzCore.framework in Frameworks */,
				CD01ED4A187EF1B100EB741E /* CoreGraphics.framework in Frameworks */,
				CD01ED4C187EF1B200EB741E /* UIKit.framework in Frameworks */,
				CD01ED48187EF1B100EB741E /* Foundation.framework in Frameworks */,
			);
			runOnlyForDeploymentPostprocessing = 0;
		};
		CD01ED5C187EF1B200EB741E /* Frameworks */ = {
			isa = PBXFrameworksBuildPhase;
			buildActionMask = 2147483647;
			files = (
				CD01ED61187EF1B200EB741E /* XCTest.framework in Frameworks */,
				CD01ED63187EF1B200EB741E /* UIKit.framework in Frameworks */,
				CD01ED62187EF1B200EB741E /* Foundation.framework in Frameworks */,
			);
			runOnlyForDeploymentPostprocessing = 0;
		};
/* End PBXFrameworksBuildPhase section */

/* Begin PBXGroup section */
		CD01ED3B187EF1B100EB741E = {
			isa = PBXGroup;
			children = (
				CDCD44F818853ECC006093A0 /* HeaderConf.h */,
				CDCD44F918853ECC006093A0 /* HeaderConf.m */,
				CDCD44F718853C6F006093A0 /* Images */,
				CD01ED4D187EF1B200EB741E /* TimePie */,
				CD01ED66187EF1B200EB741E /* TimePieTests */,
				CD01ED46187EF1B100EB741E /* Frameworks */,
				CD01ED45187EF1B100EB741E /* Products */,
			);
			sourceTree = "<group>";
		};
		CD01ED45187EF1B100EB741E /* Products */ = {
			isa = PBXGroup;
			children = (
				CD01ED44187EF1B100EB741E /* TimePie.app */,
				CD01ED5F187EF1B200EB741E /* TimePieTests.xctest */,
			);
			name = Products;
			sourceTree = "<group>";
		};
		CD01ED46187EF1B100EB741E /* Frameworks */ = {
			isa = PBXGroup;
			children = (
				CD01ED95187FF92300EB741E /* QuartzCore.framework */,
				CD01ED47187EF1B100EB741E /* Foundation.framework */,
				CD01ED49187EF1B100EB741E /* CoreGraphics.framework */,
				CD01ED4B187EF1B200EB741E /* UIKit.framework */,
				CD01ED60187EF1B200EB741E /* XCTest.framework */,
			);
			name = Frameworks;
			sourceTree = "<group>";
		};
		CD01ED4D187EF1B200EB741E /* TimePie */ = {
			isa = PBXGroup;
			children = (
				CD01EE481881891600EB741E /* Views&Controllers */,
				CD01ED56187EF1B200EB741E /* TimePieAppDelegate.h */,
				CD01ED57187EF1B200EB741E /* TimePieAppDelegate.m */,
				CD01ED59187EF1B200EB741E /* Images.xcassets */,
				CD01EE2F188188F400EB741E /* InfColorPicker */,
				CD01ED8C187FF8B300EB741E /* XYPieChart */,
				CD01ED4E187EF1B200EB741E /* Supporting Files */,
				CD01ED81187EF58C00EB741E /* TimingItem.h */,
				CD01ED82187EF58C00EB741E /* TimingItem.m */,
				CD01ED84187EF75100EB741E /* TimeItemBucket.h */,
				CD01ED85187EF75100EB741E /* TimeItemBucket.m */,
				CD01EE941882648E00EB741E /* TimePieTableCell.h */,
				CD01EE951882648E00EB741E /* TimePieTableCell.m */,
				CD01EE97188264C000EB741E /* TableCell.xib */,
				CDCD44F318853B86006093A0 /* HeaderConf.xib */,
			);
			path = TimePie;
			sourceTree = "<group>";
		};
		CD01ED4E187EF1B200EB741E /* Supporting Files */ = {
			isa = PBXGroup;
			children = (
				CD01ED4F187EF1B200EB741E /* TimePie-Info.plist */,
				CD01ED50187EF1B200EB741E /* InfoPlist.strings */,
				CD01ED53187EF1B200EB741E /* main.m */,
				CD01ED55187EF1B200EB741E /* TimePie-Prefix.pch */,
			);
			name = "Supporting Files";
			sourceTree = "<group>";
		};
		CD01ED66187EF1B200EB741E /* TimePieTests */ = {
			isa = PBXGroup;
			children = (
				CD01ED6C187EF1B200EB741E /* TimePieTests.m */,
				CD01ED67187EF1B200EB741E /* Supporting Files */,
			);
			path = TimePieTests;
			sourceTree = "<group>";
		};
		CD01ED67187EF1B200EB741E /* Supporting Files */ = {
			isa = PBXGroup;
			children = (
				CD01ED68187EF1B200EB741E /* TimePieTests-Info.plist */,
				CD01ED69187EF1B200EB741E /* InfoPlist.strings */,
			);
			name = "Supporting Files";
			sourceTree = "<group>";
		};
		CD01ED8C187FF8B300EB741E /* XYPieChart */ = {
			isa = PBXGroup;
			children = (
				CD01ED8D187FF8B300EB741E /* XYPieChart.h */,
				CD01ED8E187FF8B400EB741E /* XYPieChart.m */,
			);
			path = XYPieChart;
			sourceTree = "<group>";
		};
		CD01EE2F188188F400EB741E /* InfColorPicker */ = {
			isa = PBXGroup;
			children = (
				CD01EE30188188F400EB741E /* InfColorBarPicker.h */,
				CD01EE31188188F400EB741E /* InfColorBarPicker.m */,
				CD01EE32188188F400EB741E /* InfColorIndicatorView.h */,
				CD01EE33188188F400EB741E /* InfColorIndicatorView.m */,
				CD01EE34188188F400EB741E /* InfColorPicker.h */,
				CD01EE35188188F400EB741E /* InfColorPickerController.h */,
				CD01EE36188188F400EB741E /* InfColorPickerController.m */,
				CD01EE37188188F400EB741E /* InfColorPickerNavigationController.h */,
				CD01EE38188188F400EB741E /* InfColorPickerNavigationController.m */,
				CD01EE39188188F400EB741E /* InfColorPickerView.xib */,
				CD01EE3A188188F400EB741E /* InfColorSquarePicker.h */,
				CD01EE3B188188F400EB741E /* InfColorSquarePicker.m */,
				CD01EE3C188188F400EB741E /* InfHSBSupport.h */,
				CD01EE3D188188F400EB741E /* InfHSBSupport.m */,
				CD01EE3E188188F400EB741E /* InfSourceColorView.h */,
				CD01EE3F188188F400EB741E /* InfSourceColorView.m */,
			);
			path = InfColorPicker;
			sourceTree = "<group>";
		};
		CD01EE481881891600EB741E /* Views&Controllers */ = {
			isa = PBXGroup;
			children = (
				CD01ED7E187EF2DA00EB741E /* TPMainViewController.h */,
				CD01ED7F187EF2DA00EB741E /* TPMainViewController.m */,
				CD01ED87187FD29300EB741E /* DetailViewController.h */,
				CD01ED88187FD29300EB741E /* DetailViewController.m */,
				CD01ED89187FD29300EB741E /* DetailViewController.xib */,
				CD01ED90187FF8F300EB741E /* TryPicChartViewController.h */,
				CD01ED91187FF8F300EB741E /* TryPicChartViewController.m */,
				CD01ED92187FF8F300EB741E /* TryPicChartViewController.xib */,
				CD01ED97188016FF00EB741E /* PieView.xib */,
			);
			name = "Views&Controllers";
			sourceTree = "<group>";
		};
		CDCD44F718853C6F006093A0 /* Images */ = {
			isa = PBXGroup;
			children = (
				CDCD44FD188544ED006093A0 /* clock32.png */,
				CDCD44FB188544C4006093A0 /* clock48.png */,
				CDCD44F518853C6B006093A0 /* timeP100.png */,
				CD01EE991882B17D00EB741E /* blue.png */,
				CD01EE511881ACFF00EB741E /* TimePieIcon58.png */,
				CD01EE501881ACF600EB741E /* TimePieIcon80.png */,
				CD01EE4F1881ACED00EB741E /* TimePieIcon120.png */,
				CD01EE4D1881AA0400EB741E /* TimePieLaunchScrn4s.png */,
				CD01EE4C1881A82100EB741E /* TimePieLaunchScrn.png */,
			);
			name = Images;
			sourceTree = "<group>";
		};
/* End PBXGroup section */

/* Begin PBXNativeTarget section */
		CD01ED43187EF1B100EB741E /* TimePie */ = {
			isa = PBXNativeTarget;
			buildConfigurationList = CD01ED70187EF1B200EB741E /* Build configuration list for PBXNativeTarget "TimePie" */;
			buildPhases = (
				CD01ED40187EF1B100EB741E /* Sources */,
				CD01ED41187EF1B100EB741E /* Frameworks */,
				CD01ED42187EF1B100EB741E /* Resources */,
			);
			buildRules = (
			);
			dependencies = (
			);
			name = TimePie;
			productName = TimePie;
			productReference = CD01ED44187EF1B100EB741E /* TimePie.app */;
			productType = "com.apple.product-type.application";
		};
		CD01ED5E187EF1B200EB741E /* TimePieTests */ = {
			isa = PBXNativeTarget;
			buildConfigurationList = CD01ED73187EF1B200EB741E /* Build configuration list for PBXNativeTarget "TimePieTests" */;
			buildPhases = (
				CD01ED5B187EF1B200EB741E /* Sources */,
				CD01ED5C187EF1B200EB741E /* Frameworks */,
				CD01ED5D187EF1B200EB741E /* Resources */,
			);
			buildRules = (
			);
			dependencies = (
				CD01ED65187EF1B200EB741E /* PBXTargetDependency */,
			);
			name = TimePieTests;
			productName = TimePieTests;
			productReference = CD01ED5F187EF1B200EB741E /* TimePieTests.xctest */;
			productType = "com.apple.product-type.bundle.unit-test";
		};
/* End PBXNativeTarget section */

/* Begin PBXProject section */
		CD01ED3C187EF1B100EB741E /* Project object */ = {
			isa = PBXProject;
			attributes = {
				CLASSPREFIX = TimePie;
				LastUpgradeCheck = 0500;
				ORGANIZATIONNAME = "Storm Max";
				TargetAttributes = {
					CD01ED5E187EF1B200EB741E = {
						TestTargetID = CD01ED43187EF1B100EB741E;
					};
				};
			};
			buildConfigurationList = CD01ED3F187EF1B100EB741E /* Build configuration list for PBXProject "TimePie" */;
			compatibilityVersion = "Xcode 3.2";
			developmentRegion = English;
			hasScannedForEncodings = 0;
			knownRegions = (
				en,
			);
			mainGroup = CD01ED3B187EF1B100EB741E;
			productRefGroup = CD01ED45187EF1B100EB741E /* Products */;
			projectDirPath = "";
			projectRoot = "";
			targets = (
				CD01ED43187EF1B100EB741E /* TimePie */,
				CD01ED5E187EF1B200EB741E /* TimePieTests */,
			);
		};
/* End PBXProject section */

/* Begin PBXResourcesBuildPhase section */
		CD01ED42187EF1B100EB741E /* Resources */ = {
			isa = PBXResourcesBuildPhase;
			buildActionMask = 2147483647;
			files = (
				CDCD44F618853C6B006093A0 /* timeP100.png in Resources */,
				CDCD44F418853B86006093A0 /* HeaderConf.xib in Resources */,
				CDCD44FC188544C4006093A0 /* clock48.png in Resources */,
				CD01ED98188016FF00EB741E /* PieView.xib in Resources */,
				CD01ED52187EF1B200EB741E /* InfoPlist.strings in Resources */,
				CD01EE9A1882B17D00EB741E /* blue.png in Resources */,
				CD01EE4E1881AA0400EB741E /* TimePieLaunchScrn4s.png in Resources */,
				CD01EE44188188F400EB741E /* InfColorPickerView.xib in Resources */,
				CD01ED8B187FD29300EB741E /* DetailViewController.xib in Resources */,
				CDCD44FE188544ED006093A0 /* clock32.png in Resources */,
				CD01ED94187FF8F300EB741E /* TryPicChartViewController.xib in Resources */,
				CD01EE98188264C000EB741E /* TableCell.xib in Resources */,
				CD01ED5A187EF1B200EB741E /* Images.xcassets in Resources */,
			);
			runOnlyForDeploymentPostprocessing = 0;
		};
		CD01ED5D187EF1B200EB741E /* Resources */ = {
			isa = PBXResourcesBuildPhase;
			buildActionMask = 2147483647;
			files = (
				CD01ED6B187EF1B200EB741E /* InfoPlist.strings in Resources */,
			);
			runOnlyForDeploymentPostprocessing = 0;
		};
/* End PBXResourcesBuildPhase section */

/* Begin PBXSourcesBuildPhase section */
		CD01ED40187EF1B100EB741E /* Sources */ = {
			isa = PBXSourcesBuildPhase;
			buildActionMask = 2147483647;
			files = (
				CD01EE45188188F400EB741E /* InfColorSquarePicker.m in Sources */,
				CD01EE42188188F400EB741E /* InfColorPickerController.m in Sources */,
				CD01EE961882648E00EB741E /* TimePieTableCell.m in Sources */,
				CD01ED58187EF1B200EB741E /* TimePieAppDelegate.m in Sources */,
				CD01EE46188188F400EB741E /* InfHSBSupport.m in Sources */,
				CD01EE40188188F400EB741E /* InfColorBarPicker.m in Sources */,
				CD01ED54187EF1B200EB741E /* main.m in Sources */,
				CD01ED93187FF8F300EB741E /* TryPicChartViewController.m in Sources */,
				CDCD44FA18853ECC006093A0 /* HeaderConf.m in Sources */,
				CD01EE43188188F400EB741E /* InfColorPickerNavigationController.m in Sources */,
				CD01ED86187EF75100EB741E /* TimeItemBucket.m in Sources */,
				CD01ED83187EF58C00EB741E /* TimingItem.m in Sources */,
				CD01EE41188188F400EB741E /* InfColorIndicatorView.m in Sources */,
				CD01EE47188188F400EB741E /* InfSourceColorView.m in Sources */,
				CD01ED80187EF2DA00EB741E /* TPMainViewController.m in Sources */,
				CD01ED8F187FF8B400EB741E /* XYPieChart.m in Sources */,
				CD01ED8A187FD29300EB741E /* DetailViewController.m in Sources */,
			);
			runOnlyForDeploymentPostprocessing = 0;
		};
		CD01ED5B187EF1B200EB741E /* Sources */ = {
			isa = PBXSourcesBuildPhase;
			buildActionMask = 2147483647;
			files = (
				CD01ED6D187EF1B200EB741E /* TimePieTests.m in Sources */,
			);
			runOnlyForDeploymentPostprocessing = 0;
		};
/* End PBXSourcesBuildPhase section */

/* Begin PBXTargetDependency section */
		CD01ED65187EF1B200EB741E /* PBXTargetDependency */ = {
			isa = PBXTargetDependency;
			target = CD01ED43187EF1B100EB741E /* TimePie */;
			targetProxy = CD01ED64187EF1B200EB741E /* PBXContainerItemProxy */;
		};
/* End PBXTargetDependency section */

/* Begin PBXVariantGroup section */
		CD01ED50187EF1B200EB741E /* InfoPlist.strings */ = {
			isa = PBXVariantGroup;
			children = (
				CD01ED51187EF1B200EB741E /* en */,
			);
			name = InfoPlist.strings;
			sourceTree = "<group>";
		};
		CD01ED69187EF1B200EB741E /* InfoPlist.strings */ = {
			isa = PBXVariantGroup;
			children = (
				CD01ED6A187EF1B200EB741E /* en */,
			);
			name = InfoPlist.strings;
			sourceTree = "<group>";
		};
/* End PBXVariantGroup section */

/* Begin XCBuildConfiguration section */
		CD01ED6E187EF1B200EB741E /* Debug */ = {
			isa = XCBuildConfiguration;
			buildSettings = {
				ALWAYS_SEARCH_USER_PATHS = NO;
				ARCHS = "$(ARCHS_STANDARD_INCLUDING_64_BIT)";
				CLANG_CXX_LANGUAGE_STANDARD = "gnu++0x";
				CLANG_CXX_LIBRARY = "libc++";
				CLANG_ENABLE_MODULES = YES;
				CLANG_ENABLE_OBJC_ARC = YES;
				CLANG_WARN_BOOL_CONVERSION = YES;
				CLANG_WARN_CONSTANT_CONVERSION = YES;
				CLANG_WARN_DIRECT_OBJC_ISA_USAGE = YES_ERROR;
				CLANG_WARN_EMPTY_BODY = YES;
				CLANG_WARN_ENUM_CONVERSION = YES;
				CLANG_WARN_INT_CONVERSION = YES;
				CLANG_WARN_OBJC_ROOT_CLASS = YES_ERROR;
				CLANG_WARN__DUPLICATE_METHOD_MATCH = YES;
				"CODE_SIGN_IDENTITY[sdk=iphoneos*]" = "iPhone Developer";
				COPY_PHASE_STRIP = NO;
				GCC_C_LANGUAGE_STANDARD = gnu99;
				GCC_DYNAMIC_NO_PIC = NO;
				GCC_OPTIMIZATION_LEVEL = 0;
				GCC_PREPROCESSOR_DEFINITIONS = (
					"DEBUG=1",
					"$(inherited)",
				);
				GCC_SYMBOLS_PRIVATE_EXTERN = NO;
				GCC_WARN_64_TO_32_BIT_CONVERSION = YES;
				GCC_WARN_ABOUT_RETURN_TYPE = YES_ERROR;
				GCC_WARN_UNDECLARED_SELECTOR = YES;
				GCC_WARN_UNINITIALIZED_AUTOS = YES;
				GCC_WARN_UNUSED_FUNCTION = YES;
				GCC_WARN_UNUSED_VARIABLE = YES;
				IPHONEOS_DEPLOYMENT_TARGET = 7.0;
				ONLY_ACTIVE_ARCH = YES;
				SDKROOT = iphoneos;
			};
			name = Debug;
		};
		CD01ED6F187EF1B200EB741E /* Release */ = {
			isa = XCBuildConfiguration;
			buildSettings = {
				ALWAYS_SEARCH_USER_PATHS = NO;
				ARCHS = "$(ARCHS_STANDARD_INCLUDING_64_BIT)";
				CLANG_CXX_LANGUAGE_STANDARD = "gnu++0x";
				CLANG_CXX_LIBRARY = "libc++";
				CLANG_ENABLE_MODULES = YES;
				CLANG_ENABLE_OBJC_ARC = YES;
				CLANG_WARN_BOOL_CONVERSION = YES;
				CLANG_WARN_CONSTANT_CONVERSION = YES;
				CLANG_WARN_DIRECT_OBJC_ISA_USAGE = YES_ERROR;
				CLANG_WARN_EMPTY_BODY = YES;
				CLANG_WARN_ENUM_CONVERSION = YES;
				CLANG_WARN_INT_CONVERSION = YES;
				CLANG_WARN_OBJC_ROOT_CLASS = YES_ERROR;
				CLANG_WARN__DUPLICATE_METHOD_MATCH = YES;
				"CODE_SIGN_IDENTITY[sdk=iphoneos*]" = "iPhone Developer";
				COPY_PHASE_STRIP = YES;
				ENABLE_NS_ASSERTIONS = NO;
				GCC_C_LANGUAGE_STANDARD = gnu99;
				GCC_WARN_64_TO_32_BIT_CONVERSION = YES;
				GCC_WARN_ABOUT_RETURN_TYPE = YES_ERROR;
				GCC_WARN_UNDECLARED_SELECTOR = YES;
				GCC_WARN_UNINITIALIZED_AUTOS = YES;
				GCC_WARN_UNUSED_FUNCTION = YES;
				GCC_WARN_UNUSED_VARIABLE = YES;
				IPHONEOS_DEPLOYMENT_TARGET = 7.0;
				SDKROOT = iphoneos;
				VALIDATE_PRODUCT = YES;
			};
			name = Release;
		};
		CD01ED71187EF1B200EB741E /* Debug */ = {
			isa = XCBuildConfiguration;
			buildSettings = {
				ASSETCATALOG_COMPILER_APPICON_NAME = "AppIcon-2";
				ASSETCATALOG_COMPILER_LAUNCHIMAGE_NAME = "LaunchImage-5";
				GCC_PRECOMPILE_PREFIX_HEADER = YES;
				GCC_PREFIX_HEADER = "TimePie/TimePie-Prefix.pch";
				INFOPLIST_FILE = "TimePie/TimePie-Info.plist";
				PRODUCT_NAME = "$(TARGET_NAME)";
				WRAPPER_EXTENSION = app;
			};
			name = Debug;
		};
		CD01ED72187EF1B200EB741E /* Release */ = {
			isa = XCBuildConfiguration;
			buildSettings = {
				ASSETCATALOG_COMPILER_APPICON_NAME = "AppIcon-2";
				ASSETCATALOG_COMPILER_LAUNCHIMAGE_NAME = "LaunchImage-5";
				GCC_PRECOMPILE_PREFIX_HEADER = YES;
				GCC_PREFIX_HEADER = "TimePie/TimePie-Prefix.pch";
				INFOPLIST_FILE = "TimePie/TimePie-Info.plist";
				PRODUCT_NAME = "$(TARGET_NAME)";
				WRAPPER_EXTENSION = app;
			};
			name = Release;
		};
		CD01ED74187EF1B200EB741E /* Debug */ = {
			isa = XCBuildConfiguration;
			buildSettings = {
				ARCHS = "$(ARCHS_STANDARD_INCLUDING_64_BIT)";
				BUNDLE_LOADER = "$(BUILT_PRODUCTS_DIR)/TimePie.app/TimePie";
				FRAMEWORK_SEARCH_PATHS = (
					"$(SDKROOT)/Developer/Library/Frameworks",
					"$(inherited)",
					"$(DEVELOPER_FRAMEWORKS_DIR)",
				);
				GCC_PRECOMPILE_PREFIX_HEADER = YES;
				GCC_PREFIX_HEADER = "TimePie/TimePie-Prefix.pch";
				GCC_PREPROCESSOR_DEFINITIONS = (
					"DEBUG=1",
					"$(inherited)",
				);
				INFOPLIST_FILE = "TimePieTests/TimePieTests-Info.plist";
				PRODUCT_NAME = "$(TARGET_NAME)";
				TEST_HOST = "$(BUNDLE_LOADER)";
				WRAPPER_EXTENSION = xctest;
			};
			name = Debug;
		};
		CD01ED75187EF1B200EB741E /* Release */ = {
			isa = XCBuildConfiguration;
			buildSettings = {
				ARCHS = "$(ARCHS_STANDARD_INCLUDING_64_BIT)";
				BUNDLE_LOADER = "$(BUILT_PRODUCTS_DIR)/TimePie.app/TimePie";
				FRAMEWORK_SEARCH_PATHS = (
					"$(SDKROOT)/Developer/Library/Frameworks",
					"$(inherited)",
					"$(DEVELOPER_FRAMEWORKS_DIR)",
				);
				GCC_PRECOMPILE_PREFIX_HEADER = YES;
				GCC_PREFIX_HEADER = "TimePie/TimePie-Prefix.pch";
				INFOPLIST_FILE = "TimePieTests/TimePieTests-Info.plist";
				PRODUCT_NAME = "$(TARGET_NAME)";
				TEST_HOST = "$(BUNDLE_LOADER)";
				WRAPPER_EXTENSION = xctest;
			};
			name = Release;
		};
/* End XCBuildConfiguration section */

/* Begin XCConfigurationList section */
		CD01ED3F187EF1B100EB741E /* Build configuration list for PBXProject "TimePie" */ = {
			isa = XCConfigurationList;
			buildConfigurations = (
				CD01ED6E187EF1B200EB741E /* Debug */,
				CD01ED6F187EF1B200EB741E /* Release */,
			);
			defaultConfigurationIsVisible = 0;
			defaultConfigurationName = Release;
		};
		CD01ED70187EF1B200EB741E /* Build configuration list for PBXNativeTarget "TimePie" */ = {
			isa = XCConfigurationList;
			buildConfigurations = (
				CD01ED71187EF1B200EB741E /* Debug */,
				CD01ED72187EF1B200EB741E /* Release */,
			);
			defaultConfigurationIsVisible = 0;
			defaultConfigurationName = Release;
		};
		CD01ED73187EF1B200EB741E /* Build configuration list for PBXNativeTarget "TimePieTests" */ = {
			isa = XCConfigurationList;
			buildConfigurations = (
				CD01ED74187EF1B200EB741E /* Debug */,
				CD01ED75187EF1B200EB741E /* Release */,
			);
			defaultConfigurationIsVisible = 0;
			defaultConfigurationName = Release;
		};
/* End XCConfigurationList section */
	};
	rootObject = CD01ED3C187EF1B100EB741E /* Project object */;
}
